
Microsoft Visual Studio Solution File, Format Version 12.00
# Visual Studio Version 17
VisualStudioVersion = 17.12.35527.113 d17.12
MinimumVisualStudioVersion = 10.0.40219.1
Project("{8BC9CEB8-8B4A-11D0-8D11-00A0C91BC942}") = "Comet", "Comet.vcxproj", "{EC89AD31-11AD-4CE2-AA1D-FFFFF716DE33}"
	ProjectSection(ProjectDependencies) = postProject
		{745DEC58-EBB3-47A9-A9B8-4C6627C01BF8} = {745DEC58-EBB3-47A9-A9B8-4C6627C01BF8}
		{887C017B-8E91-4CCE-85C6-4D36D4033F1B} = {887C017B-8E91-4CCE-85C6-4D36D4033F1B}
		{C0BD6AC1-1126-476E-938F-7E351B36CDE2} = {C0BD6AC1-1126-476E-938F-7E351B36CDE2}
	EndProjectSection
EndProject
Project("{8BC9CEB8-8B4A-11D0-8D11-00A0C91BC942}") = "CometSearch", "CometSearch\CometSearch.vcxproj", "{887C017B-8E91-4CCE-85C6-4D36D4033F1B}"
EndProject
Project("{8BC9CEB8-8B4A-11D0-8D11-00A0C91BC942}") = "CometWrapper", "CometWrapper\CometWrapper.vcxproj", "{7BF9EDBE-35BD-4D2D-94B8-151532E71432}"
	ProjectSection(ProjectDependencies) = postProject
		{887C017B-8E91-4CCE-85C6-4D36D4033F1B} = {887C017B-8E91-4CCE-85C6-4D36D4033F1B}
	EndProjectSection
EndProject
Project("{FAE04EC0-301F-11D3-BF4B-00C04F79EFBC}") = "RealtimeSearch", "RealtimeSearch\RealtimeSearch.csproj", "{581E4213-1629-49E9-958B-070F106A07E9}"
	ProjectSection(ProjectDependencies) = postProject
		{887C017B-8E91-4CCE-85C6-4D36D4033F1B} = {887C017B-8E91-4CCE-85C6-4D36D4033F1B}
	EndProjectSection
EndProject
Project("{8BC9CEB8-8B4A-11D0-8D11-00A0C91BC942}") = "MSToolkit", "MSToolkit\VisualStudio\MSToolkit.vcxproj", "{C0BD6AC1-1126-476E-938F-7E351B36CDE2}"
EndProject
Project("{8BC9CEB8-8B4A-11D0-8D11-00A0C91BC942}") = "MSToolkitExtern", "MSToolkit\VisualStudio\extern\zlibstat.vcxproj", "{745DEC58-EBB3-47A9-A9B8-4C6627C01BF8}"
	ProjectSection(ProjectDependencies) = postProject
		{DBA47AFE-FD60-39C0-9997-100FD8BF812B} = {DBA47AFE-FD60-39C0-9997-100FD8BF812B}
	EndProjectSection
EndProject
Project("{8BC9CEB8-8B4A-11D0-8D11-00A0C91BC942}") = "libexpat", "MSToolkit\VisualStudio\extern\libexpat.vcxproj", "{DBA47AFE-FD60-39C0-9997-100FD8BF812B}"
EndProject
Global
	GlobalSection(SolutionConfigurationPlatforms) = preSolution
		Debug|Any CPU = Debug|Any CPU
		Debug|Mixed Platforms = Debug|Mixed Platforms
		Debug|Win32 = Debug|Win32
		Debug|x64 = Debug|x64
		Debug|x86 = Debug|x86
		Release_Win32|Any CPU = Release_Win32|Any CPU
		Release_Win32|Mixed Platforms = Release_Win32|Mixed Platforms
		Release_Win32|Win32 = Release_Win32|Win32
		Release_Win32|x64 = Release_Win32|x64
		Release_Win32|x86 = Release_Win32|x86
		Release|Any CPU = Release|Any CPU
		Release|Mixed Platforms = Release|Mixed Platforms
		Release|Win32 = Release|Win32
		Release|x64 = Release|x64
		Release|x86 = Release|x86
	EndGlobalSection
	GlobalSection(ProjectConfigurationPlatforms) = postSolution
		{EC89AD31-11AD-4CE2-AA1D-FFFFF716DE33}.Debug|Any CPU.ActiveCfg = Debug|x64
		{EC89AD31-11AD-4CE2-AA1D-FFFFF716DE33}.Debug|Mixed Platforms.ActiveCfg = Debug|x64
		{EC89AD31-11AD-4CE2-AA1D-FFFFF716DE33}.Debug|Mixed Platforms.Build.0 = Debug|x64
		{EC89AD31-11AD-4CE2-AA1D-FFFFF716DE33}.Debug|Win32.ActiveCfg = Debug|Win32
		{EC89AD31-11AD-4CE2-AA1D-FFFFF716DE33}.Debug|Win32.Build.0 = Debug|Win32
		{EC89AD31-11AD-4CE2-AA1D-FFFFF716DE33}.Debug|x64.ActiveCfg = Debug|x64
		{EC89AD31-11AD-4CE2-AA1D-FFFFF716DE33}.Debug|x64.Build.0 = Debug|x64
		{EC89AD31-11AD-4CE2-AA1D-FFFFF716DE33}.Debug|x86.ActiveCfg = Debug|Win32
		{EC89AD31-11AD-4CE2-AA1D-FFFFF716DE33}.Debug|x86.Build.0 = Debug|Win32
		{EC89AD31-11AD-4CE2-AA1D-FFFFF716DE33}.Release_Win32|Any CPU.ActiveCfg = Release|x64
		{EC89AD31-11AD-4CE2-AA1D-FFFFF716DE33}.Release_Win32|Mixed Platforms.ActiveCfg = Release|x64
		{EC89AD31-11AD-4CE2-AA1D-FFFFF716DE33}.Release_Win32|Mixed Platforms.Build.0 = Release|x64
		{EC89AD31-11AD-4CE2-AA1D-FFFFF716DE33}.Release_Win32|Win32.ActiveCfg = Release|Win32
		{EC89AD31-11AD-4CE2-AA1D-FFFFF716DE33}.Release_Win32|x64.ActiveCfg = Release|x64
		{EC89AD31-11AD-4CE2-AA1D-FFFFF716DE33}.Release_Win32|x64.Build.0 = Release|x64
		{EC89AD31-11AD-4CE2-AA1D-FFFFF716DE33}.Release_Win32|x86.ActiveCfg = Release|x64
		{EC89AD31-11AD-4CE2-AA1D-FFFFF716DE33}.Release|Any CPU.ActiveCfg = Release|x64
		{EC89AD31-11AD-4CE2-AA1D-FFFFF716DE33}.Release|Mixed Platforms.ActiveCfg = Release|x64
		{EC89AD31-11AD-4CE2-AA1D-FFFFF716DE33}.Release|Mixed Platforms.Build.0 = Release|x64
		{EC89AD31-11AD-4CE2-AA1D-FFFFF716DE33}.Release|Win32.ActiveCfg = Release|Win32
		{EC89AD31-11AD-4CE2-AA1D-FFFFF716DE33}.Release|Win32.Build.0 = Release|Win32
		{EC89AD31-11AD-4CE2-AA1D-FFFFF716DE33}.Release|x64.ActiveCfg = Release|x64
		{EC89AD31-11AD-4CE2-AA1D-FFFFF716DE33}.Release|x64.Build.0 = Release|x64
		{EC89AD31-11AD-4CE2-AA1D-FFFFF716DE33}.Release|x86.ActiveCfg = Release|Win32
		{EC89AD31-11AD-4CE2-AA1D-FFFFF716DE33}.Release|x86.Build.0 = Release|Win32
		{887C017B-8E91-4CCE-85C6-4D36D4033F1B}.Debug|Any CPU.ActiveCfg = Debug|x64
		{887C017B-8E91-4CCE-85C6-4D36D4033F1B}.Debug|Mixed Platforms.ActiveCfg = Debug|Win32
		{887C017B-8E91-4CCE-85C6-4D36D4033F1B}.Debug|Mixed Platforms.Build.0 = Debug|Win32
		{887C017B-8E91-4CCE-85C6-4D36D4033F1B}.Debug|Win32.ActiveCfg = Debug|Win32
		{887C017B-8E91-4CCE-85C6-4D36D4033F1B}.Debug|Win32.Build.0 = Debug|Win32
		{887C017B-8E91-4CCE-85C6-4D36D4033F1B}.Debug|x64.ActiveCfg = Debug|x64
		{887C017B-8E91-4CCE-85C6-4D36D4033F1B}.Debug|x64.Build.0 = Debug|x64
		{887C017B-8E91-4CCE-85C6-4D36D4033F1B}.Debug|x86.ActiveCfg = Debug|Win32
		{887C017B-8E91-4CCE-85C6-4D36D4033F1B}.Debug|x86.Build.0 = Debug|Win32
		{887C017B-8E91-4CCE-85C6-4D36D4033F1B}.Release_Win32|Any CPU.ActiveCfg = Release|x64
		{887C017B-8E91-4CCE-85C6-4D36D4033F1B}.Release_Win32|Mixed Platforms.ActiveCfg = Release|x64
		{887C017B-8E91-4CCE-85C6-4D36D4033F1B}.Release_Win32|Mixed Platforms.Build.0 = Release|x64
		{887C017B-8E91-4CCE-85C6-4D36D4033F1B}.Release_Win32|Win32.ActiveCfg = Release|Win32
		{887C017B-8E91-4CCE-85C6-4D36D4033F1B}.Release_Win32|x64.ActiveCfg = Release|x64
		{887C017B-8E91-4CCE-85C6-4D36D4033F1B}.Release_Win32|x64.Build.0 = Release|x64
		{887C017B-8E91-4CCE-85C6-4D36D4033F1B}.Release_Win32|x86.ActiveCfg = Release|x64
		{887C017B-8E91-4CCE-85C6-4D36D4033F1B}.Release|Any CPU.ActiveCfg = Release|x64
		{887C017B-8E91-4CCE-85C6-4D36D4033F1B}.Release|Mixed Platforms.ActiveCfg = Release|x64
		{887C017B-8E91-4CCE-85C6-4D36D4033F1B}.Release|Mixed Platforms.Build.0 = Release|x64
		{887C017B-8E91-4CCE-85C6-4D36D4033F1B}.Release|Win32.ActiveCfg = Release|Win32
		{887C017B-8E91-4CCE-85C6-4D36D4033F1B}.Release|Win32.Build.0 = Release|Win32
		{887C017B-8E91-4CCE-85C6-4D36D4033F1B}.Release|x64.ActiveCfg = Release|x64
		{887C017B-8E91-4CCE-85C6-4D36D4033F1B}.Release|x64.Build.0 = Release|x64
		{887C017B-8E91-4CCE-85C6-4D36D4033F1B}.Release|x86.ActiveCfg = Release|Win32
		{887C017B-8E91-4CCE-85C6-4D36D4033F1B}.Release|x86.Build.0 = Release|Win32
		{7BF9EDBE-35BD-4D2D-94B8-151532E71432}.Debug|Any CPU.ActiveCfg = Debug|x64
		{7BF9EDBE-35BD-4D2D-94B8-151532E71432}.Debug|Mixed Platforms.ActiveCfg = Debug|Win32
		{7BF9EDBE-35BD-4D2D-94B8-151532E71432}.Debug|Mixed Platforms.Build.0 = Debug|Win32
		{7BF9EDBE-35BD-4D2D-94B8-151532E71432}.Debug|Win32.ActiveCfg = Debug|Win32
		{7BF9EDBE-35BD-4D2D-94B8-151532E71432}.Debug|Win32.Build.0 = Debug|Win32
		{7BF9EDBE-35BD-4D2D-94B8-151532E71432}.Debug|x64.ActiveCfg = Debug|x64
		{7BF9EDBE-35BD-4D2D-94B8-151532E71432}.Debug|x64.Build.0 = Debug|x64
		{7BF9EDBE-35BD-4D2D-94B8-151532E71432}.Debug|x86.ActiveCfg = Debug|Win32
		{7BF9EDBE-35BD-4D2D-94B8-151532E71432}.Debug|x86.Build.0 = Debug|Win32
		{7BF9EDBE-35BD-4D2D-94B8-151532E71432}.Release_Win32|Any CPU.ActiveCfg = Release|x64
		{7BF9EDBE-35BD-4D2D-94B8-151532E71432}.Release_Win32|Mixed Platforms.ActiveCfg = Release|x64
		{7BF9EDBE-35BD-4D2D-94B8-151532E71432}.Release_Win32|Mixed Platforms.Build.0 = Release|x64
		{7BF9EDBE-35BD-4D2D-94B8-151532E71432}.Release_Win32|Win32.ActiveCfg = Release|Win32
		{7BF9EDBE-35BD-4D2D-94B8-151532E71432}.Release_Win32|x64.ActiveCfg = Release|x64
		{7BF9EDBE-35BD-4D2D-94B8-151532E71432}.Release_Win32|x64.Build.0 = Release|x64
		{7BF9EDBE-35BD-4D2D-94B8-151532E71432}.Release_Win32|x86.ActiveCfg = Release|x64
		{7BF9EDBE-35BD-4D2D-94B8-151532E71432}.Release|Any CPU.ActiveCfg = Release|x64
		{7BF9EDBE-35BD-4D2D-94B8-151532E71432}.Release|Mixed Platforms.ActiveCfg = Release|Win32
		{7BF9EDBE-35BD-4D2D-94B8-151532E71432}.Release|Mixed Platforms.Build.0 = Release|Win32
		{7BF9EDBE-35BD-4D2D-94B8-151532E71432}.Release|Win32.ActiveCfg = Release|Win32
		{7BF9EDBE-35BD-4D2D-94B8-151532E71432}.Release|Win32.Build.0 = Release|Win32
		{7BF9EDBE-35BD-4D2D-94B8-151532E71432}.Release|x64.ActiveCfg = Release|x64
		{7BF9EDBE-35BD-4D2D-94B8-151532E71432}.Release|x64.Build.0 = Release|x64
		{7BF9EDBE-35BD-4D2D-94B8-151532E71432}.Release|x86.ActiveCfg = Release|Win32
		{7BF9EDBE-35BD-4D2D-94B8-151532E71432}.Release|x86.Build.0 = Release|Win32
		{581E4213-1629-49E9-958B-070F106A07E9}.Debug|Any CPU.ActiveCfg = Debug|x86
		{581E4213-1629-49E9-958B-070F106A07E9}.Debug|Mixed Platforms.ActiveCfg = Debug|x86
		{581E4213-1629-49E9-958B-070F106A07E9}.Debug|Mixed Platforms.Build.0 = Debug|x86
		{581E4213-1629-49E9-958B-070F106A07E9}.Debug|Win32.ActiveCfg = Debug|x86
		{581E4213-1629-49E9-958B-070F106A07E9}.Debug|x64.ActiveCfg = Debug|x86
		{581E4213-1629-49E9-958B-070F106A07E9}.Debug|x86.ActiveCfg = Debug|x86
		{581E4213-1629-49E9-958B-070F106A07E9}.Debug|x86.Build.0 = Debug|x86
		{581E4213-1629-49E9-958B-070F106A07E9}.Release_Win32|Any CPU.ActiveCfg = Release|x86
		{581E4213-1629-49E9-958B-070F106A07E9}.Release_Win32|Mixed Platforms.ActiveCfg = Release|x86
		{581E4213-1629-49E9-958B-070F106A07E9}.Release_Win32|Mixed Platforms.Build.0 = Release|x86
		{581E4213-1629-49E9-958B-070F106A07E9}.Release_Win32|Win32.ActiveCfg = Release|x86
		{581E4213-1629-49E9-958B-070F106A07E9}.Release_Win32|x64.ActiveCfg = Release|x86
		{581E4213-1629-49E9-958B-070F106A07E9}.Release_Win32|x86.ActiveCfg = Release|x86
		{581E4213-1629-49E9-958B-070F106A07E9}.Release_Win32|x86.Build.0 = Release|x86
		{581E4213-1629-49E9-958B-070F106A07E9}.Release|Any CPU.ActiveCfg = Release|x86
		{581E4213-1629-49E9-958B-070F106A07E9}.Release|Mixed Platforms.ActiveCfg = Release|x86
		{581E4213-1629-49E9-958B-070F106A07E9}.Release|Mixed Platforms.Build.0 = Release|x86
		{581E4213-1629-49E9-958B-070F106A07E9}.Release|Win32.ActiveCfg = Release|x86
		{581E4213-1629-49E9-958B-070F106A07E9}.Release|x64.ActiveCfg = Release|x86
		{581E4213-1629-49E9-958B-070F106A07E9}.Release|x64.Build.0 = Release|x86
		{581E4213-1629-49E9-958B-070F106A07E9}.Release|x86.ActiveCfg = Release|x86
		{581E4213-1629-49E9-958B-070F106A07E9}.Release|x86.Build.0 = Release|x86
		{C0BD6AC1-1126-476E-938F-7E351B36CDE2}.Debug|Any CPU.ActiveCfg = Debug|x64
		{C0BD6AC1-1126-476E-938F-7E351B36CDE2}.Debug|Any CPU.Build.0 = Debug|x64
		{C0BD6AC1-1126-476E-938F-7E351B36CDE2}.Debug|Mixed Platforms.ActiveCfg = Debug|x64
		{C0BD6AC1-1126-476E-938F-7E351B36CDE2}.Debug|Mixed Platforms.Build.0 = Debug|x64
		{C0BD6AC1-1126-476E-938F-7E351B36CDE2}.Debug|Win32.ActiveCfg = Debug|Win32
		{C0BD6AC1-1126-476E-938F-7E351B36CDE2}.Debug|Win32.Build.0 = Debug|Win32
		{C0BD6AC1-1126-476E-938F-7E351B36CDE2}.Debug|x64.ActiveCfg = Debug|x64
		{C0BD6AC1-1126-476E-938F-7E351B36CDE2}.Debug|x64.Build.0 = Debug|x64
		{C0BD6AC1-1126-476E-938F-7E351B36CDE2}.Debug|x86.ActiveCfg = Debug|Win32
		{C0BD6AC1-1126-476E-938F-7E351B36CDE2}.Debug|x86.Build.0 = Debug|Win32
		{C0BD6AC1-1126-476E-938F-7E351B36CDE2}.Release_Win32|Any CPU.ActiveCfg = Release|x64
		{C0BD6AC1-1126-476E-938F-7E351B36CDE2}.Release_Win32|Any CPU.Build.0 = Release|x64
		{C0BD6AC1-1126-476E-938F-7E351B36CDE2}.Release_Win32|Mixed Platforms.ActiveCfg = Release|x64
		{C0BD6AC1-1126-476E-938F-7E351B36CDE2}.Release_Win32|Mixed Platforms.Build.0 = Release|x64
		{C0BD6AC1-1126-476E-938F-7E351B36CDE2}.Release_Win32|Win32.ActiveCfg = Release|Win32
		{C0BD6AC1-1126-476E-938F-7E351B36CDE2}.Release_Win32|Win32.Build.0 = Release|Win32
		{C0BD6AC1-1126-476E-938F-7E351B36CDE2}.Release_Win32|x64.ActiveCfg = Release|x64
		{C0BD6AC1-1126-476E-938F-7E351B36CDE2}.Release_Win32|x64.Build.0 = Release|x64
		{C0BD6AC1-1126-476E-938F-7E351B36CDE2}.Release_Win32|x86.ActiveCfg = Release|Win32
		{C0BD6AC1-1126-476E-938F-7E351B36CDE2}.Release_Win32|x86.Build.0 = Release|Win32
		{C0BD6AC1-1126-476E-938F-7E351B36CDE2}.Release|Any CPU.ActiveCfg = Release|x64
		{C0BD6AC1-1126-476E-938F-7E351B36CDE2}.Release|Any CPU.Build.0 = Release|x64
		{C0BD6AC1-1126-476E-938F-7E351B36CDE2}.Release|Mixed Platforms.ActiveCfg = Release|x64
		{C0BD6AC1-1126-476E-938F-7E351B36CDE2}.Release|Mixed Platforms.Build.0 = Release|x64
		{C0BD6AC1-1126-476E-938F-7E351B36CDE2}.Release|Win32.ActiveCfg = Release|Win32
		{C0BD6AC1-1126-476E-938F-7E351B36CDE2}.Release|Win32.Build.0 = Release|Win32
		{C0BD6AC1-1126-476E-938F-7E351B36CDE2}.Release|x64.ActiveCfg = Release|x64
		{C0BD6AC1-1126-476E-938F-7E351B36CDE2}.Release|x64.Build.0 = Release|x64
		{C0BD6AC1-1126-476E-938F-7E351B36CDE2}.Release|x86.ActiveCfg = Release|Win32
		{C0BD6AC1-1126-476E-938F-7E351B36CDE2}.Release|x86.Build.0 = Release|Win32
		{745DEC58-EBB3-47A9-A9B8-4C6627C01BF8}.Debug|Any CPU.ActiveCfg = Debug|x64
		{745DEC58-EBB3-47A9-A9B8-4C6627C01BF8}.Debug|Any CPU.Build.0 = Debug|x64
		{745DEC58-EBB3-47A9-A9B8-4C6627C01BF8}.Debug|Mixed Platforms.ActiveCfg = Debug|x64
		{745DEC58-EBB3-47A9-A9B8-4C6627C01BF8}.Debug|Mixed Platforms.Build.0 = Debug|x64
		{745DEC58-EBB3-47A9-A9B8-4C6627C01BF8}.Debug|Win32.ActiveCfg = Debug|Win32
		{745DEC58-EBB3-47A9-A9B8-4C6627C01BF8}.Debug|Win32.Build.0 = Debug|Win32
		{745DEC58-EBB3-47A9-A9B8-4C6627C01BF8}.Debug|x64.ActiveCfg = Debug|x64
		{745DEC58-EBB3-47A9-A9B8-4C6627C01BF8}.Debug|x64.Build.0 = Debug|x64
		{745DEC58-EBB3-47A9-A9B8-4C6627C01BF8}.Debug|x86.ActiveCfg = Debug|Win32
		{745DEC58-EBB3-47A9-A9B8-4C6627C01BF8}.Debug|x86.Build.0 = Debug|Win32
		{745DEC58-EBB3-47A9-A9B8-4C6627C01BF8}.Release_Win32|Any CPU.ActiveCfg = ReleaseWithoutAsm|x64
		{745DEC58-EBB3-47A9-A9B8-4C6627C01BF8}.Release_Win32|Any CPU.Build.0 = ReleaseWithoutAsm|x64
		{745DEC58-EBB3-47A9-A9B8-4C6627C01BF8}.Release_Win32|Mixed Platforms.ActiveCfg = ReleaseWithoutAsm|x64
		{745DEC58-EBB3-47A9-A9B8-4C6627C01BF8}.Release_Win32|Mixed Platforms.Build.0 = ReleaseWithoutAsm|x64
		{745DEC58-EBB3-47A9-A9B8-4C6627C01BF8}.Release_Win32|Win32.ActiveCfg = ReleaseWithoutAsm|Win32
		{745DEC58-EBB3-47A9-A9B8-4C6627C01BF8}.Release_Win32|Win32.Build.0 = ReleaseWithoutAsm|Win32
		{745DEC58-EBB3-47A9-A9B8-4C6627C01BF8}.Release_Win32|x64.ActiveCfg = ReleaseWithoutAsm|x64
		{745DEC58-EBB3-47A9-A9B8-4C6627C01BF8}.Release_Win32|x64.Build.0 = ReleaseWithoutAsm|x64
		{745DEC58-EBB3-47A9-A9B8-4C6627C01BF8}.Release_Win32|x86.ActiveCfg = ReleaseWithoutAsm|Win32
		{745DEC58-EBB3-47A9-A9B8-4C6627C01BF8}.Release_Win32|x86.Build.0 = ReleaseWithoutAsm|Win32
		{745DEC58-EBB3-47A9-A9B8-4C6627C01BF8}.Release|Any CPU.ActiveCfg = Release|x64
		{745DEC58-EBB3-47A9-A9B8-4C6627C01BF8}.Release|Any CPU.Build.0 = Release|x64
		{745DEC58-EBB3-47A9-A9B8-4C6627C01BF8}.Release|Mixed Platforms.ActiveCfg = Release|x64
		{745DEC58-EBB3-47A9-A9B8-4C6627C01BF8}.Release|Mixed Platforms.Build.0 = Release|x64
		{745DEC58-EBB3-47A9-A9B8-4C6627C01BF8}.Release|Win32.ActiveCfg = Release|Win32
		{745DEC58-EBB3-47A9-A9B8-4C6627C01BF8}.Release|Win32.Build.0 = Release|Win32
		{745DEC58-EBB3-47A9-A9B8-4C6627C01BF8}.Release|x64.ActiveCfg = Release|x64
		{745DEC58-EBB3-47A9-A9B8-4C6627C01BF8}.Release|x64.Build.0 = Release|x64
		{745DEC58-EBB3-47A9-A9B8-4C6627C01BF8}.Release|x86.ActiveCfg = Release|Win32
		{745DEC58-EBB3-47A9-A9B8-4C6627C01BF8}.Release|x86.Build.0 = Release|Win32
		{DBA47AFE-FD60-39C0-9997-100FD8BF812B}.Debug|Any CPU.ActiveCfg = Debug|x64
		{DBA47AFE-FD60-39C0-9997-100FD8BF812B}.Debug|Any CPU.Build.0 = Debug|x64
		{DBA47AFE-FD60-39C0-9997-100FD8BF812B}.Debug|Mixed Platforms.ActiveCfg = Debug|x64
		{DBA47AFE-FD60-39C0-9997-100FD8BF812B}.Debug|Mixed Platforms.Build.0 = Debug|x64
		{DBA47AFE-FD60-39C0-9997-100FD8BF812B}.Debug|Win32.ActiveCfg = Debug|x64
		{DBA47AFE-FD60-39C0-9997-100FD8BF812B}.Debug|Win32.Build.0 = Debug|x64
		{DBA47AFE-FD60-39C0-9997-100FD8BF812B}.Debug|x64.ActiveCfg = Debug|x64
		{DBA47AFE-FD60-39C0-9997-100FD8BF812B}.Debug|x64.Build.0 = Debug|x64
		{DBA47AFE-FD60-39C0-9997-100FD8BF812B}.Debug|x86.ActiveCfg = Debug|x64
		{DBA47AFE-FD60-39C0-9997-100FD8BF812B}.Debug|x86.Build.0 = Debug|x64
		{DBA47AFE-FD60-39C0-9997-100FD8BF812B}.Release_Win32|Any CPU.ActiveCfg = RelWithDebInfo|x64
		{DBA47AFE-FD60-39C0-9997-100FD8BF812B}.Release_Win32|Any CPU.Build.0 = RelWithDebInfo|x64
		{DBA47AFE-FD60-39C0-9997-100FD8BF812B}.Release_Win32|Mixed Platforms.ActiveCfg = RelWithDebInfo|x64
		{DBA47AFE-FD60-39C0-9997-100FD8BF812B}.Release_Win32|Mixed Platforms.Build.0 = RelWithDebInfo|x64
		{DBA47AFE-FD60-39C0-9997-100FD8BF812B}.Release_Win32|Win32.ActiveCfg = RelWithDebInfo|x64
		{DBA47AFE-FD60-39C0-9997-100FD8BF812B}.Release_Win32|Win32.Build.0 = RelWithDebInfo|x64
		{DBA47AFE-FD60-39C0-9997-100FD8BF812B}.Release_Win32|x64.ActiveCfg = RelWithDebInfo|x64
		{DBA47AFE-FD60-39C0-9997-100FD8BF812B}.Release_Win32|x64.Build.0 = RelWithDebInfo|x64
		{DBA47AFE-FD60-39C0-9997-100FD8BF812B}.Release_Win32|x86.ActiveCfg = RelWithDebInfo|x64
		{DBA47AFE-FD60-39C0-9997-100FD8BF812B}.Release_Win32|x86.Build.0 = RelWithDebInfo|x64
		{DBA47AFE-FD60-39C0-9997-100FD8BF812B}.Release|Any CPU.ActiveCfg = Release|x64
		{DBA47AFE-FD60-39C0-9997-100FD8BF812B}.Release|Any CPU.Build.0 = Release|x64
		{DBA47AFE-FD60-39C0-9997-100FD8BF812B}.Release|Mixed Platforms.ActiveCfg = Release|x64
		{DBA47AFE-FD60-39C0-9997-100FD8BF812B}.Release|Mixed Platforms.Build.0 = Release|x64
		{DBA47AFE-FD60-39C0-9997-100FD8BF812B}.Release|Win32.ActiveCfg = Release|x64
		{DBA47AFE-FD60-39C0-9997-100FD8BF812B}.Release|Win32.Build.0 = Release|x64
		{DBA47AFE-FD60-39C0-9997-100FD8BF812B}.Release|x64.ActiveCfg = Release|x64
		{DBA47AFE-FD60-39C0-9997-100FD8BF812B}.Release|x64.Build.0 = Release|x64
		{DBA47AFE-FD60-39C0-9997-100FD8BF812B}.Release|x86.ActiveCfg = Release|x64
		{DBA47AFE-FD60-39C0-9997-100FD8BF812B}.Release|x86.Build.0 = Release|x64
	EndGlobalSection
	GlobalSection(SolutionProperties) = preSolution
		HideSolutionNode = FALSE
	EndGlobalSection
	GlobalSection(ExtensibilityGlobals) = postSolution
		SolutionGuid = {3141679C-0AFB-44C3-8C59-E984B2EF38CF}
	EndGlobalSection
EndGlobal
