
Microsoft Visual Studio Solution File, Format Version 12.00
# Visual Studio Version 16
VisualStudioVersion = 16.0.35026.282
MinimumVisualStudioVersion = 10.0.40219.1
Project("{8BC9CEB8-8B4A-11D0-8D11-00A0C91BC942}") = "Comet", "Comet.vcxproj", "{EC89AD31-11AD-4CE2-AA1D-FFFFF716DE33}"
	ProjectSection(ProjectDependencies) = postProject
		{887C017B-8E91-4CCE-85C6-4D36D4033F1B} = {887C017B-8E91-4CCE-85C6-4D36D4033F1B}
		{8093FAFA-4AA1-4E88-A83E-1B433A96AAE5} = {8093FAFA-4AA1-4E88-A83E-1B433A96AAE5}
	EndProjectSection
EndProject
Project("{8BC9CEB8-8B4A-11D0-8D11-00A0C91BC942}") = "MSToolkitLite", "MSToolkit\MSToolkitLite.vcxproj", "{8093FAFA-4AA1-4E88-A83E-1B433A96AAE5}"
EndProject
Project("{8BC9CEB8-8B4A-11D0-8D11-00A0C91BC942}") = "CometSearch", "CometSearch\CometSearch.vcxproj", "{887C017B-8E91-4CCE-85C6-4D36D4033F1B}"
	ProjectSection(ProjectDependencies) = postProject
		{8093FAFA-4AA1-4E88-A83E-1B433A96AAE5} = {8093FAFA-4AA1-4E88-A83E-1B433A96AAE5}
	EndProjectSection
EndProject
Project("{8BC9CEB8-8B4A-11D0-8D11-00A0C91BC942}") = "CometWrapper", "CometWrapper\CometWrapper.vcxproj", "{7BF9EDBE-35BD-4D2D-94B8-151532E71432}"
	ProjectSection(ProjectDependencies) = postProject
		{887C017B-8E91-4CCE-85C6-4D36D4033F1B} = {887C017B-8E91-4CCE-85C6-4D36D4033F1B}
		{8093FAFA-4AA1-4E88-A83E-1B433A96AAE5} = {8093FAFA-4AA1-4E88-A83E-1B433A96AAE5}
	EndProjectSection
EndProject
Project("{FAE04EC0-301F-11D3-BF4B-00C04F79EFBC}") = "RealtimeSearch", "RealtimeSearch\RealtimeSearch.csproj", "{581E4213-1629-49E9-958B-070F106A07E9}"
	ProjectSection(ProjectDependencies) = postProject
		{887C017B-8E91-4CCE-85C6-4D36D4033F1B} = {887C017B-8E91-4CCE-85C6-4D36D4033F1B}
	EndProjectSection
EndProject
Global
	GlobalSection(SolutionConfigurationPlatforms) = preSolution
		Debug|x64 = Debug|x64
		Debug|x86 = Debug|x86
		Release|x64 = Release|x64
		Release|x86 = Release|x86
	EndGlobalSection
	GlobalSection(ProjectConfigurationPlatforms) = postSolution
		{EC89AD31-11AD-4CE2-AA1D-FFFFF716DE33}.Debug|x64.ActiveCfg = Debug|x64
		{EC89AD31-11AD-4CE2-AA1D-FFFFF716DE33}.Debug|x64.Build.0 = Debug|x64
		{EC89AD31-11AD-4CE2-AA1D-FFFFF716DE33}.Debug|x86.ActiveCfg = Debug|Win32
		{EC89AD31-11AD-4CE2-AA1D-FFFFF716DE33}.Debug|x86.Build.0 = Debug|Win32
		{EC89AD31-11AD-4CE2-AA1D-FFFFF716DE33}.Release|x64.ActiveCfg = Release|x64
		{EC89AD31-11AD-4CE2-AA1D-FFFFF716DE33}.Release|x64.Build.0 = Release|x64
		{EC89AD31-11AD-4CE2-AA1D-FFFFF716DE33}.Release|x86.ActiveCfg = Release|Win32
		{EC89AD31-11AD-4CE2-AA1D-FFFFF716DE33}.Release|x86.Build.0 = Release|Win32
		{8093FAFA-4AA1-4E88-A83E-1B433A96AAE5}.Debug|x64.ActiveCfg = Debug|x64
		{8093FAFA-4AA1-4E88-A83E-1B433A96AAE5}.Debug|x64.Build.0 = Debug|x64
		{8093FAFA-4AA1-4E88-A83E-1B433A96AAE5}.Debug|x86.ActiveCfg = Debug|Win32
		{8093FAFA-4AA1-4E88-A83E-1B433A96AAE5}.Debug|x86.Build.0 = Debug|Win32
		{8093FAFA-4AA1-4E88-A83E-1B433A96AAE5}.Release|x64.ActiveCfg = Release|x64
		{8093FAFA-4AA1-4E88-A83E-1B433A96AAE5}.Release|x64.Build.0 = Release|x64
		{8093FAFA-4AA1-4E88-A83E-1B433A96AAE5}.Release|x86.ActiveCfg = Release|Win32
		{8093FAFA-4AA1-4E88-A83E-1B433A96AAE5}.Release|x86.Build.0 = Release|Win32
		{887C017B-8E91-4CCE-85C6-4D36D4033F1B}.Debug|x64.ActiveCfg = Debug|x64
		{887C017B-8E91-4CCE-85C6-4D36D4033F1B}.Debug|x64.Build.0 = Debug|x64
		{887C017B-8E91-4CCE-85C6-4D36D4033F1B}.Debug|x86.ActiveCfg = Debug|Win32
		{887C017B-8E91-4CCE-85C6-4D36D4033F1B}.Debug|x86.Build.0 = Debug|Win32
		{887C017B-8E91-4CCE-85C6-4D36D4033F1B}.Release|x64.ActiveCfg = Release|x64
		{887C017B-8E91-4CCE-85C6-4D36D4033F1B}.Release|x64.Build.0 = Release|x64
		{887C017B-8E91-4CCE-85C6-4D36D4033F1B}.Release|x86.ActiveCfg = Release|Win32
		{887C017B-8E91-4CCE-85C6-4D36D4033F1B}.Release|x86.Build.0 = Release|Win32
		{7BF9EDBE-35BD-4D2D-94B8-151532E71432}.Debug|x64.ActiveCfg = Debug|x64
		{7BF9EDBE-35BD-4D2D-94B8-151532E71432}.Debug|x64.Build.0 = Debug|x64
		{7BF9EDBE-35BD-4D2D-94B8-151532E71432}.Debug|x86.ActiveCfg = Debug|Win32
		{7BF9EDBE-35BD-4D2D-94B8-151532E71432}.Debug|x86.Build.0 = Debug|Win32
		{7BF9EDBE-35BD-4D2D-94B8-151532E71432}.Release|x64.ActiveCfg = Release|x64
		{7BF9EDBE-35BD-4D2D-94B8-151532E71432}.Release|x64.Build.0 = Release|x64
		{7BF9EDBE-35BD-4D2D-94B8-151532E71432}.Release|x86.ActiveCfg = Release|Win32
		{7BF9EDBE-35BD-4D2D-94B8-151532E71432}.Release|x86.Build.0 = Release|Win32
		{581E4213-1629-49E9-958B-070F106A07E9}.Debug|x64.ActiveCfg = Debug|x86
		{581E4213-1629-49E9-958B-070F106A07E9}.Debug|x64.Build.0 = Debug|x86
		{581E4213-1629-49E9-958B-070F106A07E9}.Debug|x86.ActiveCfg = Debug|x86
		{581E4213-1629-49E9-958B-070F106A07E9}.Debug|x86.Build.0 = Debug|x86
		{581E4213-1629-49E9-958B-070F106A07E9}.Release|x64.ActiveCfg = Release|x86
		{581E4213-1629-49E9-958B-070F106A07E9}.Release|x64.Build.0 = Release|x86
		{581E4213-1629-49E9-958B-070F106A07E9}.Release|x86.ActiveCfg = Release|x86
		{581E4213-1629-49E9-958B-070F106A07E9}.Release|x86.Build.0 = Release|x86
	EndGlobalSection
	GlobalSection(SolutionProperties) = preSolution
		HideSolutionNode = FALSE
	EndGlobalSection
	GlobalSection(ExtensibilityGlobals) = postSolution
		SolutionGuid = {3141679C-0AFB-44C3-8C59-E984B2EF38CF}
	EndGlobalSection
EndGlobal
