
Microsoft Visual Studio Solution File, Format Version 11.00
# Visual Studio 2010
Project("{8BC9CEB8-8B4A-11D0-8D11-00A0C91BC942}") = "Comet", "Comet.vcxproj", "{C45FB439-626A-42EC-8E7C-7405F6BD0B83}"
	ProjectSection(ProjectDependencies) = postProject
		{8093FAFA-4AA1-4E88-A83E-1B433A96AAE5} = {8093FAFA-4AA1-4E88-A83E-1B433A96AAE5}
	EndProjectSection
EndProject
Project("{8BC9CEB8-8B4A-11D0-8D11-00A0C91BC942}") = "MSToolkitLite", "MSToolkit\MSToolkitLite.vcxproj", "{8093FAFA-4AA1-4E88-A83E-1B433A96AAE5}"
EndProject
Global
	GlobalSection(SolutionConfigurationPlatforms) = preSolution
		Debug|Win32 = Debug|Win32
		Release|Win32 = Release|Win32
	EndGlobalSection
	GlobalSection(ProjectConfigurationPlatforms) = postSolution
		{C45FB439-626A-42EC-8E7C-7405F6BD0B83}.Debug|Win32.ActiveCfg = Debug|Win32
		{C45FB439-626A-42EC-8E7C-7405F6BD0B83}.Debug|Win32.Build.0 = Debug|Win32
		{C45FB439-626A-42EC-8E7C-7405F6BD0B83}.Release|Win32.ActiveCfg = Release|Win32
		{C45FB439-626A-42EC-8E7C-7405F6BD0B83}.Release|Win32.Build.0 = Release|Win32
		{8093FAFA-4AA1-4E88-A83E-1B433A96AAE5}.Debug|Win32.ActiveCfg = Debug|Win32
		{8093FAFA-4AA1-4E88-A83E-1B433A96AAE5}.Debug|Win32.Build.0 = Debug|Win32
		{8093FAFA-4AA1-4E88-A83E-1B433A96AAE5}.Release|Win32.ActiveCfg = Release|Win32
		{8093FAFA-4AA1-4E88-A83E-1B433A96AAE5}.Release|Win32.Build.0 = Release|Win32
	EndGlobalSection
	GlobalSection(SolutionProperties) = preSolution
		HideSolutionNode = FALSE
	EndGlobalSection
EndGlobal
