<?xml version="1.0" encoding="utf-8"?>
<Project ToolsVersion="4.0" xmlns="http://schemas.microsoft.com/developer/msbuild/2003">
  <ItemGroup>
    <Filter Include="Source Files">
      <UniqueIdentifier>{4FC737F1-C7A5-4376-A066-2A32D752A2FF}</UniqueIdentifier>
      <Extensions>cpp;c;cc;cxx;def;odl;idl;hpj;bat;asm;asmx</Extensions>
    </Filter>
    <Filter Include="Source Files\MSToolkit">
      <UniqueIdentifier>{7967335f-4e09-4d6d-89b7-206af86b83b3}</UniqueIdentifier>
    </Filter>
    <Filter Include="Source Files\mzParser">
      <UniqueIdentifier>{2d291cd7-2f94-49ac-982a-dcc95433806f}</UniqueIdentifier>
    </Filter>
    <Filter Include="Source Files\expat">
      <UniqueIdentifier>{c020bddc-5bf5-4956-820a-d7a864892c86}</UniqueIdentifier>
    </Filter>
    <Filter Include="Source Files\zLib">
      <UniqueIdentifier>{891aa6a8-58d8-47a1-b5a3-e15b00f6e6e1}</UniqueIdentifier>
    </Filter>
    <Filter Include="Source Files\HDF5">
      <UniqueIdentifier>{249ffbb6-5f4c-4092-a54d-2028baf345d3}</UniqueIdentifier>
    </Filter>
    <Filter Include="Header Files">
      <UniqueIdentifier>{93995380-89BD-4b04-88EB-625FBE52EBFB}</UniqueIdentifier>
      <Extensions>h;hpp;hxx;hm;inl;inc;xsd</Extensions>
    </Filter>
    <Filter Include="Resource Files">
      <UniqueIdentifier>{67DA6AB6-F800-4c08-8B7A-83BB121AAD01}</UniqueIdentifier>
      <Extensions>rc;ico;cur;bmp;dlg;rc2;rct;bin;rgs;gif;jpg;jpeg;jpe;resx;tiff;tif;png;wav</Extensions>
    </Filter>
  </ItemGroup>
  <ItemGroup>
    <ClCompile Include="src\MSToolkit\MSObject.cpp">
      <Filter>Source Files\MSToolkit</Filter>
    </ClCompile>
    <ClCompile Include="src\MSToolkit\MSReader.cpp">
      <Filter>Source Files\MSToolkit</Filter>
    </ClCompile>
    <ClCompile Include="src\MSToolkit\Spectrum.cpp">
      <Filter>Source Files\MSToolkit</Filter>
    </ClCompile>
    <ClCompile Include="src\mzParser\BasicChromatogram.cpp">
      <Filter>Source Files\mzParser</Filter>
    </ClCompile>
    <ClCompile Include="src\mzParser\BasicSpectrum.cpp">
      <Filter>Source Files\mzParser</Filter>
    </ClCompile>
    <ClCompile Include="src\mzParser\Czran.cpp">
      <Filter>Source Files\mzParser</Filter>
    </ClCompile>
    <ClCompile Include="src\mzParser\mz5handler.cpp">
      <Filter>Source Files\mzParser</Filter>
    </ClCompile>
    <ClCompile Include="src\mzParser\mzp_base64.cpp">
      <Filter>Source Files\mzParser</Filter>
    </ClCompile>
    <ClCompile Include="src\mzParser\mzParser.cpp">
      <Filter>Source Files\mzParser</Filter>
    </ClCompile>
    <ClCompile Include="src\mzParser\mzpMz5Config.cpp">
      <Filter>Source Files\mzParser</Filter>
    </ClCompile>
    <ClCompile Include="src\mzParser\mzpMz5Structs.cpp">
      <Filter>Source Files\mzParser</Filter>
    </ClCompile>
    <ClCompile Include="src\mzParser\PWIZface.cpp">
      <Filter>Source Files\mzParser</Filter>
    </ClCompile>
    <ClCompile Include="src\mzParser\RAMPface.cpp">
      <Filter>Source Files\mzParser</Filter>
    </ClCompile>
    <ClCompile Include="src\mzParser\saxhandler.cpp">
      <Filter>Source Files\mzParser</Filter>
    </ClCompile>
    <ClCompile Include="src\mzParser\saxmzmlhandler.cpp">
      <Filter>Source Files\mzParser</Filter>
    </ClCompile>
    <ClCompile Include="src\mzParser\saxmzxmlhandler.cpp">
      <Filter>Source Files\mzParser</Filter>
    </ClCompile>
    <ClCompile Include="src\zLib-1.2.5\adler32.c">
      <Filter>Source Files\zLib</Filter>
    </ClCompile>
    <ClCompile Include="src\zLib-1.2.5\compress.c">
      <Filter>Source Files\zLib</Filter>
    </ClCompile>
    <ClCompile Include="src\zLib-1.2.5\crc32.c">
      <Filter>Source Files\zLib</Filter>
    </ClCompile>
    <ClCompile Include="src\zLib-1.2.5\deflate.c">
      <Filter>Source Files\zLib</Filter>
    </ClCompile>
    <ClCompile Include="src\zLib-1.2.5\gzclose.c">
      <Filter>Source Files\zLib</Filter>
    </ClCompile>
    <ClCompile Include="src\zLib-1.2.5\gzlib.c">
      <Filter>Source Files\zLib</Filter>
    </ClCompile>
    <ClCompile Include="src\zLib-1.2.5\gzread.c">
      <Filter>Source Files\zLib</Filter>
    </ClCompile>
    <ClCompile Include="src\zLib-1.2.5\gzwrite.c">
      <Filter>Source Files\zLib</Filter>
    </ClCompile>
    <ClCompile Include="src\zLib-1.2.5\infback.c">
      <Filter>Source Files\zLib</Filter>
    </ClCompile>
    <ClCompile Include="src\zLib-1.2.5\inffast.c">
      <Filter>Source Files\zLib</Filter>
    </ClCompile>
    <ClCompile Include="src\zLib-1.2.5\inflate.c">
      <Filter>Source Files\zLib</Filter>
    </ClCompile>
    <ClCompile Include="src\zLib-1.2.5\inftrees.c">
      <Filter>Source Files\zLib</Filter>
    </ClCompile>
    <ClCompile Include="src\zLib-1.2.5\trees.c">
      <Filter>Source Files\zLib</Filter>
    </ClCompile>
    <ClCompile Include="src\zLib-1.2.5\uncompr.c">
      <Filter>Source Files\zLib</Filter>
    </ClCompile>
    <ClCompile Include="src\zLib-1.2.5\zutil.c">
      <Filter>Source Files\zLib</Filter>
    </ClCompile>
    <ClCompile Include="src\hdf5-1.8.8\H5.c">
      <Filter>Source Files\HDF5</Filter>
    </ClCompile>
    <ClCompile Include="src\hdf5-1.8.8\H5A.c">
      <Filter>Source Files\HDF5</Filter>
    </ClCompile>
    <ClCompile Include="src\hdf5-1.8.8\H5AbstractDs.cpp">
      <Filter>Source Files\HDF5</Filter>
    </ClCompile>
    <ClCompile Include="src\hdf5-1.8.8\H5Abtree2.c">
      <Filter>Source Files\HDF5</Filter>
    </ClCompile>
    <ClCompile Include="src\hdf5-1.8.8\H5AC.c">
      <Filter>Source Files\HDF5</Filter>
    </ClCompile>
    <ClCompile Include="src\hdf5-1.8.8\H5Adense.c">
      <Filter>Source Files\HDF5</Filter>
    </ClCompile>
    <ClCompile Include="src\hdf5-1.8.8\H5Adeprec.c">
      <Filter>Source Files\HDF5</Filter>
    </ClCompile>
    <ClCompile Include="src\hdf5-1.8.8\H5Aint.c">
      <Filter>Source Files\HDF5</Filter>
    </ClCompile>
    <ClCompile Include="src\hdf5-1.8.8\H5ArrayType.cpp">
      <Filter>Source Files\HDF5</Filter>
    </ClCompile>
    <ClCompile Include="src\hdf5-1.8.8\H5Atest.c">
      <Filter>Source Files\HDF5</Filter>
    </ClCompile>
    <ClCompile Include="src\hdf5-1.8.8\H5AtomType.cpp">
      <Filter>Source Files\HDF5</Filter>
    </ClCompile>
    <ClCompile Include="src\hdf5-1.8.8\H5Attribute.cpp">
      <Filter>Source Files\HDF5</Filter>
    </ClCompile>
    <ClCompile Include="src\hdf5-1.8.8\H5B.c">
      <Filter>Source Files\HDF5</Filter>
    </ClCompile>
    <ClCompile Include="src\hdf5-1.8.8\H5B2.c">
      <Filter>Source Files\HDF5</Filter>
    </ClCompile>
    <ClCompile Include="src\hdf5-1.8.8\H5B2cache.c">
      <Filter>Source Files\HDF5</Filter>
    </ClCompile>
    <ClCompile Include="src\hdf5-1.8.8\H5B2dbg.c">
      <Filter>Source Files\HDF5</Filter>
    </ClCompile>
    <ClCompile Include="src\hdf5-1.8.8\H5B2hdr.c">
      <Filter>Source Files\HDF5</Filter>
    </ClCompile>
    <ClCompile Include="src\hdf5-1.8.8\H5B2int.c">
      <Filter>Source Files\HDF5</Filter>
    </ClCompile>
    <ClCompile Include="src\hdf5-1.8.8\H5B2stat.c">
      <Filter>Source Files\HDF5</Filter>
    </ClCompile>
    <ClCompile Include="src\hdf5-1.8.8\H5B2test.c">
      <Filter>Source Files\HDF5</Filter>
    </ClCompile>
    <ClCompile Include="src\hdf5-1.8.8\H5Bcache.c">
      <Filter>Source Files\HDF5</Filter>
    </ClCompile>
    <ClCompile Include="src\hdf5-1.8.8\H5Bdbg.c">
      <Filter>Source Files\HDF5</Filter>
    </ClCompile>
    <ClCompile Include="src\hdf5-1.8.8\H5C.c">
      <Filter>Source Files\HDF5</Filter>
    </ClCompile>
    <ClCompile Include="src\hdf5-1.8.8\H5checksum.c">
      <Filter>Source Files\HDF5</Filter>
    </ClCompile>
    <ClCompile Include="src\hdf5-1.8.8\H5CommonFG.cpp">
      <Filter>Source Files\HDF5</Filter>
    </ClCompile>
    <ClCompile Include="src\hdf5-1.8.8\H5CompType.cpp">
      <Filter>Source Files\HDF5</Filter>
    </ClCompile>
    <ClCompile Include="src\hdf5-1.8.8\H5CS.c">
      <Filter>Source Files\HDF5</Filter>
    </ClCompile>
    <ClCompile Include="src\hdf5-1.8.8\H5D.c">
      <Filter>Source Files\HDF5</Filter>
    </ClCompile>
    <ClCompile Include="src\hdf5-1.8.8\H5DataSet.cpp">
      <Filter>Source Files\HDF5</Filter>
    </ClCompile>
    <ClCompile Include="src\hdf5-1.8.8\H5DataSpace.cpp">
      <Filter>Source Files\HDF5</Filter>
    </ClCompile>
    <ClCompile Include="src\hdf5-1.8.8\H5DataType.cpp">
      <Filter>Source Files\HDF5</Filter>
    </ClCompile>
    <ClCompile Include="src\hdf5-1.8.8\H5dbg.c">
      <Filter>Source Files\HDF5</Filter>
    </ClCompile>
    <ClCompile Include="src\hdf5-1.8.8\H5Dbtree.c">
      <Filter>Source Files\HDF5</Filter>
    </ClCompile>
    <ClCompile Include="src\hdf5-1.8.8\H5Dchunk.c">
      <Filter>Source Files\HDF5</Filter>
    </ClCompile>
    <ClCompile Include="src\hdf5-1.8.8\H5Dcompact.c">
      <Filter>Source Files\HDF5</Filter>
    </ClCompile>
    <ClCompile Include="src\hdf5-1.8.8\H5Dcontig.c">
      <Filter>Source Files\HDF5</Filter>
    </ClCompile>
    <ClCompile Include="src\hdf5-1.8.8\H5DcreatProp.cpp">
      <Filter>Source Files\HDF5</Filter>
    </ClCompile>
    <ClCompile Include="src\hdf5-1.8.8\H5Ddbg.c">
      <Filter>Source Files\HDF5</Filter>
    </ClCompile>
    <ClCompile Include="src\hdf5-1.8.8\H5Ddeprec.c">
      <Filter>Source Files\HDF5</Filter>
    </ClCompile>
    <ClCompile Include="src\hdf5-1.8.8\H5Defl.c">
      <Filter>Source Files\HDF5</Filter>
    </ClCompile>
    <ClCompile Include="src\hdf5-1.8.8\H5detect.c">
      <Filter>Source Files\HDF5</Filter>
    </ClCompile>
    <ClCompile Include="src\hdf5-1.8.8\H5Dfill.c">
      <Filter>Source Files\HDF5</Filter>
    </ClCompile>
    <ClCompile Include="src\hdf5-1.8.8\H5Dint.c">
      <Filter>Source Files\HDF5</Filter>
    </ClCompile>
    <ClCompile Include="src\hdf5-1.8.8\H5Dio.c">
      <Filter>Source Files\HDF5</Filter>
    </ClCompile>
    <ClCompile Include="src\hdf5-1.8.8\H5Dlayout.c">
      <Filter>Source Files\HDF5</Filter>
    </ClCompile>
    <ClCompile Include="src\hdf5-1.8.8\H5Dmpio.c">
      <Filter>Source Files\HDF5</Filter>
    </ClCompile>
    <ClCompile Include="src\hdf5-1.8.8\H5Doh.c">
      <Filter>Source Files\HDF5</Filter>
    </ClCompile>
    <ClCompile Include="src\hdf5-1.8.8\H5Dscatgath.c">
      <Filter>Source Files\HDF5</Filter>
    </ClCompile>
    <ClCompile Include="src\hdf5-1.8.8\H5Dselect.c">
      <Filter>Source Files\HDF5</Filter>
    </ClCompile>
    <ClCompile Include="src\hdf5-1.8.8\H5Dtest.c">
      <Filter>Source Files\HDF5</Filter>
    </ClCompile>
    <ClCompile Include="src\hdf5-1.8.8\H5DxferProp.cpp">
      <Filter>Source Files\HDF5</Filter>
    </ClCompile>
    <ClCompile Include="src\hdf5-1.8.8\H5E.c">
      <Filter>Source Files\HDF5</Filter>
    </ClCompile>
    <ClCompile Include="src\hdf5-1.8.8\H5Edeprec.c">
      <Filter>Source Files\HDF5</Filter>
    </ClCompile>
    <ClCompile Include="src\hdf5-1.8.8\H5Eint.c">
      <Filter>Source Files\HDF5</Filter>
    </ClCompile>
    <ClCompile Include="src\hdf5-1.8.8\H5EnumType.cpp">
      <Filter>Source Files\HDF5</Filter>
    </ClCompile>
    <ClCompile Include="src\hdf5-1.8.8\H5Exception.cpp">
      <Filter>Source Files\HDF5</Filter>
    </ClCompile>
    <ClCompile Include="src\hdf5-1.8.8\H5F.c">
      <Filter>Source Files\HDF5</Filter>
    </ClCompile>
    <ClCompile Include="src\hdf5-1.8.8\H5FaccProp.cpp">
      <Filter>Source Files\HDF5</Filter>
    </ClCompile>
    <ClCompile Include="src\hdf5-1.8.8\H5Faccum.c">
      <Filter>Source Files\HDF5</Filter>
    </ClCompile>
    <ClCompile Include="src\hdf5-1.8.8\H5FcreatProp.cpp">
      <Filter>Source Files\HDF5</Filter>
    </ClCompile>
    <ClCompile Include="src\hdf5-1.8.8\H5Fcwfs.c">
      <Filter>Source Files\HDF5</Filter>
    </ClCompile>
    <ClCompile Include="src\hdf5-1.8.8\H5FD.c">
      <Filter>Source Files\HDF5</Filter>
    </ClCompile>
    <ClCompile Include="src\hdf5-1.8.8\H5Fdbg.c">
      <Filter>Source Files\HDF5</Filter>
    </ClCompile>
    <ClCompile Include="src\hdf5-1.8.8\H5FDcore.c">
      <Filter>Source Files\HDF5</Filter>
    </ClCompile>
    <ClCompile Include="src\hdf5-1.8.8\H5FDdirect.c">
      <Filter>Source Files\HDF5</Filter>
    </ClCompile>
    <ClCompile Include="src\hdf5-1.8.8\H5FDfamily.c">
      <Filter>Source Files\HDF5</Filter>
    </ClCompile>
    <ClCompile Include="src\hdf5-1.8.8\H5FDint.c">
      <Filter>Source Files\HDF5</Filter>
    </ClCompile>
    <ClCompile Include="src\hdf5-1.8.8\H5FDlog.c">
      <Filter>Source Files\HDF5</Filter>
    </ClCompile>
    <ClCompile Include="src\hdf5-1.8.8\H5FDmpi.c">
      <Filter>Source Files\HDF5</Filter>
    </ClCompile>
    <ClCompile Include="src\hdf5-1.8.8\H5FDmpio.c">
      <Filter>Source Files\HDF5</Filter>
    </ClCompile>
    <ClCompile Include="src\hdf5-1.8.8\H5FDmpiposix.c">
      <Filter>Source Files\HDF5</Filter>
    </ClCompile>
    <ClCompile Include="src\hdf5-1.8.8\H5FDmulti.c">
      <Filter>Source Files\HDF5</Filter>
    </ClCompile>
    <ClCompile Include="src\hdf5-1.8.8\H5FDsec2.c">
      <Filter>Source Files\HDF5</Filter>
    </ClCompile>
    <ClCompile Include="src\hdf5-1.8.8\H5FDspace.c">
      <Filter>Source Files\HDF5</Filter>
    </ClCompile>
    <ClCompile Include="src\hdf5-1.8.8\H5FDstdio.c">
      <Filter>Source Files\HDF5</Filter>
    </ClCompile>
    <ClCompile Include="src\hdf5-1.8.8\H5FDwindows.c">
      <Filter>Source Files\HDF5</Filter>
    </ClCompile>
    <ClCompile Include="src\hdf5-1.8.8\H5Fefc.c">
      <Filter>Source Files\HDF5</Filter>
    </ClCompile>
    <ClCompile Include="src\hdf5-1.8.8\H5Ffake.c">
      <Filter>Source Files\HDF5</Filter>
    </ClCompile>
    <ClCompile Include="src\hdf5-1.8.8\H5File.cpp">
      <Filter>Source Files\HDF5</Filter>
    </ClCompile>
    <ClCompile Include="src\hdf5-1.8.8\H5Fio.c">
      <Filter>Source Files\HDF5</Filter>
    </ClCompile>
    <ClCompile Include="src\hdf5-1.8.8\H5FL.c">
      <Filter>Source Files\HDF5</Filter>
    </ClCompile>
    <ClCompile Include="src\hdf5-1.8.8\H5FloatType.cpp">
      <Filter>Source Files\HDF5</Filter>
    </ClCompile>
    <ClCompile Include="src\hdf5-1.8.8\H5Fmount.c">
      <Filter>Source Files\HDF5</Filter>
    </ClCompile>
    <ClCompile Include="src\hdf5-1.8.8\H5Fmpi.c">
      <Filter>Source Files\HDF5</Filter>
    </ClCompile>
    <ClCompile Include="src\hdf5-1.8.8\H5FO.c">
      <Filter>Source Files\HDF5</Filter>
    </ClCompile>
    <ClCompile Include="src\hdf5-1.8.8\H5Fquery.c">
      <Filter>Source Files\HDF5</Filter>
    </ClCompile>
    <ClCompile Include="src\hdf5-1.8.8\H5FS.c">
      <Filter>Source Files\HDF5</Filter>
    </ClCompile>
    <ClCompile Include="src\hdf5-1.8.8\H5FScache.c">
      <Filter>Source Files\HDF5</Filter>
    </ClCompile>
    <ClCompile Include="src\hdf5-1.8.8\H5FSdbg.c">
      <Filter>Source Files\HDF5</Filter>
    </ClCompile>
    <ClCompile Include="src\hdf5-1.8.8\H5Fsfile.c">
      <Filter>Source Files\HDF5</Filter>
    </ClCompile>
    <ClCompile Include="src\hdf5-1.8.8\H5FSsection.c">
      <Filter>Source Files\HDF5</Filter>
    </ClCompile>
    <ClCompile Include="src\hdf5-1.8.8\H5FSstat.c">
      <Filter>Source Files\HDF5</Filter>
    </ClCompile>
    <ClCompile Include="src\hdf5-1.8.8\H5FStest.c">
      <Filter>Source Files\HDF5</Filter>
    </ClCompile>
    <ClCompile Include="src\hdf5-1.8.8\H5Fsuper.c">
      <Filter>Source Files\HDF5</Filter>
    </ClCompile>
    <ClCompile Include="src\hdf5-1.8.8\H5Fsuper_cache.c">
      <Filter>Source Files\HDF5</Filter>
    </ClCompile>
    <ClCompile Include="src\hdf5-1.8.8\H5Ftest.c">
      <Filter>Source Files\HDF5</Filter>
    </ClCompile>
    <ClCompile Include="src\hdf5-1.8.8\H5G.c">
      <Filter>Source Files\HDF5</Filter>
    </ClCompile>
    <ClCompile Include="src\hdf5-1.8.8\H5Gbtree2.c">
      <Filter>Source Files\HDF5</Filter>
    </ClCompile>
    <ClCompile Include="src\hdf5-1.8.8\H5Gcache.c">
      <Filter>Source Files\HDF5</Filter>
    </ClCompile>
    <ClCompile Include="src\hdf5-1.8.8\H5Gcompact.c">
      <Filter>Source Files\HDF5</Filter>
    </ClCompile>
    <ClCompile Include="src\hdf5-1.8.8\H5Gdense.c">
      <Filter>Source Files\HDF5</Filter>
    </ClCompile>
    <ClCompile Include="src\hdf5-1.8.8\H5Gdeprec.c">
      <Filter>Source Files\HDF5</Filter>
    </ClCompile>
    <ClCompile Include="src\hdf5-1.8.8\H5Gent.c">
      <Filter>Source Files\HDF5</Filter>
    </ClCompile>
    <ClCompile Include="src\hdf5-1.8.8\H5Gint.c">
      <Filter>Source Files\HDF5</Filter>
    </ClCompile>
    <ClCompile Include="src\hdf5-1.8.8\H5Glink.c">
      <Filter>Source Files\HDF5</Filter>
    </ClCompile>
    <ClCompile Include="src\hdf5-1.8.8\H5Gloc.c">
      <Filter>Source Files\HDF5</Filter>
    </ClCompile>
    <ClCompile Include="src\hdf5-1.8.8\H5Gname.c">
      <Filter>Source Files\HDF5</Filter>
    </ClCompile>
    <ClCompile Include="src\hdf5-1.8.8\H5Gnode.c">
      <Filter>Source Files\HDF5</Filter>
    </ClCompile>
    <ClCompile Include="src\hdf5-1.8.8\H5Gobj.c">
      <Filter>Source Files\HDF5</Filter>
    </ClCompile>
    <ClCompile Include="src\hdf5-1.8.8\H5Goh.c">
      <Filter>Source Files\HDF5</Filter>
    </ClCompile>
    <ClCompile Include="src\hdf5-1.8.8\H5Groot.c">
      <Filter>Source Files\HDF5</Filter>
    </ClCompile>
    <ClCompile Include="src\hdf5-1.8.8\H5Group.cpp">
      <Filter>Source Files\HDF5</Filter>
    </ClCompile>
    <ClCompile Include="src\hdf5-1.8.8\H5Gstab.c">
      <Filter>Source Files\HDF5</Filter>
    </ClCompile>
    <ClCompile Include="src\hdf5-1.8.8\H5Gtest.c">
      <Filter>Source Files\HDF5</Filter>
    </ClCompile>
    <ClCompile Include="src\hdf5-1.8.8\H5Gtraverse.c">
      <Filter>Source Files\HDF5</Filter>
    </ClCompile>
    <ClCompile Include="src\hdf5-1.8.8\H5HF.c">
      <Filter>Source Files\HDF5</Filter>
    </ClCompile>
    <ClCompile Include="src\hdf5-1.8.8\H5HFbtree2.c">
      <Filter>Source Files\HDF5</Filter>
    </ClCompile>
    <ClCompile Include="src\hdf5-1.8.8\H5HFcache.c">
      <Filter>Source Files\HDF5</Filter>
    </ClCompile>
    <ClCompile Include="src\hdf5-1.8.8\H5HFdbg.c">
      <Filter>Source Files\HDF5</Filter>
    </ClCompile>
    <ClCompile Include="src\hdf5-1.8.8\H5HFdblock.c">
      <Filter>Source Files\HDF5</Filter>
    </ClCompile>
    <ClCompile Include="src\hdf5-1.8.8\H5HFdtable.c">
      <Filter>Source Files\HDF5</Filter>
    </ClCompile>
    <ClCompile Include="src\hdf5-1.8.8\H5HFhdr.c">
      <Filter>Source Files\HDF5</Filter>
    </ClCompile>
    <ClCompile Include="src\hdf5-1.8.8\H5HFhuge.c">
      <Filter>Source Files\HDF5</Filter>
    </ClCompile>
    <ClCompile Include="src\hdf5-1.8.8\H5HFiblock.c">
      <Filter>Source Files\HDF5</Filter>
    </ClCompile>
    <ClCompile Include="src\hdf5-1.8.8\H5HFiter.c">
      <Filter>Source Files\HDF5</Filter>
    </ClCompile>
    <ClCompile Include="src\hdf5-1.8.8\H5HFman.c">
      <Filter>Source Files\HDF5</Filter>
    </ClCompile>
    <ClCompile Include="src\hdf5-1.8.8\H5HFsection.c">
      <Filter>Source Files\HDF5</Filter>
    </ClCompile>
    <ClCompile Include="src\hdf5-1.8.8\H5HFspace.c">
      <Filter>Source Files\HDF5</Filter>
    </ClCompile>
    <ClCompile Include="src\hdf5-1.8.8\H5HFstat.c">
      <Filter>Source Files\HDF5</Filter>
    </ClCompile>
    <ClCompile Include="src\hdf5-1.8.8\H5HFtest.c">
      <Filter>Source Files\HDF5</Filter>
    </ClCompile>
    <ClCompile Include="src\hdf5-1.8.8\H5HFtiny.c">
      <Filter>Source Files\HDF5</Filter>
    </ClCompile>
    <ClCompile Include="src\hdf5-1.8.8\H5HG.c">
      <Filter>Source Files\HDF5</Filter>
    </ClCompile>
    <ClCompile Include="src\hdf5-1.8.8\H5HGcache.c">
      <Filter>Source Files\HDF5</Filter>
    </ClCompile>
    <ClCompile Include="src\hdf5-1.8.8\H5HGdbg.c">
      <Filter>Source Files\HDF5</Filter>
    </ClCompile>
    <ClCompile Include="src\hdf5-1.8.8\H5HGquery.c">
      <Filter>Source Files\HDF5</Filter>
    </ClCompile>
    <ClCompile Include="src\hdf5-1.8.8\H5HL.c">
      <Filter>Source Files\HDF5</Filter>
    </ClCompile>
    <ClCompile Include="src\hdf5-1.8.8\H5HLcache.c">
      <Filter>Source Files\HDF5</Filter>
    </ClCompile>
    <ClCompile Include="src\hdf5-1.8.8\H5HLdbg.c">
      <Filter>Source Files\HDF5</Filter>
    </ClCompile>
    <ClCompile Include="src\hdf5-1.8.8\H5HLint.c">
      <Filter>Source Files\HDF5</Filter>
    </ClCompile>
    <ClCompile Include="src\hdf5-1.8.8\H5HP.c">
      <Filter>Source Files\HDF5</Filter>
    </ClCompile>
    <ClCompile Include="src\hdf5-1.8.8\H5I.c">
      <Filter>Source Files\HDF5</Filter>
    </ClCompile>
    <ClCompile Include="src\hdf5-1.8.8\H5IdComponent.cpp">
      <Filter>Source Files\HDF5</Filter>
    </ClCompile>
    <ClCompile Include="src\hdf5-1.8.8\H5IntType.cpp">
      <Filter>Source Files\HDF5</Filter>
    </ClCompile>
    <ClCompile Include="src\hdf5-1.8.8\H5Itest.c">
      <Filter>Source Files\HDF5</Filter>
    </ClCompile>
    <ClCompile Include="src\hdf5-1.8.8\H5L.c">
      <Filter>Source Files\HDF5</Filter>
    </ClCompile>
    <ClCompile Include="src\hdf5-1.8.8\H5Lexternal.c">
      <Filter>Source Files\HDF5</Filter>
    </ClCompile>
    <ClCompile Include="src\hdf5-1.8.8\H5lib_settings.c">
      <Filter>Source Files\HDF5</Filter>
    </ClCompile>
    <ClCompile Include="src\hdf5-1.8.8\H5Library.cpp">
      <Filter>Source Files\HDF5</Filter>
    </ClCompile>
    <ClCompile Include="src\hdf5-1.8.8\H5make_libsettings.c">
      <Filter>Source Files\HDF5</Filter>
    </ClCompile>
    <ClCompile Include="src\hdf5-1.8.8\H5MF.c">
      <Filter>Source Files\HDF5</Filter>
    </ClCompile>
    <ClCompile Include="src\hdf5-1.8.8\H5MFaggr.c">
      <Filter>Source Files\HDF5</Filter>
    </ClCompile>
    <ClCompile Include="src\hdf5-1.8.8\H5MFdbg.c">
      <Filter>Source Files\HDF5</Filter>
    </ClCompile>
    <ClCompile Include="src\hdf5-1.8.8\H5MFsection.c">
      <Filter>Source Files\HDF5</Filter>
    </ClCompile>
    <ClCompile Include="src\hdf5-1.8.8\H5MM.c">
      <Filter>Source Files\HDF5</Filter>
    </ClCompile>
    <ClCompile Include="src\hdf5-1.8.8\H5MP.c">
      <Filter>Source Files\HDF5</Filter>
    </ClCompile>
    <ClCompile Include="src\hdf5-1.8.8\H5MPtest.c">
      <Filter>Source Files\HDF5</Filter>
    </ClCompile>
    <ClCompile Include="src\hdf5-1.8.8\H5O.c">
      <Filter>Source Files\HDF5</Filter>
    </ClCompile>
    <ClCompile Include="src\hdf5-1.8.8\H5Oainfo.c">
      <Filter>Source Files\HDF5</Filter>
    </ClCompile>
    <ClCompile Include="src\hdf5-1.8.8\H5Oalloc.c">
      <Filter>Source Files\HDF5</Filter>
    </ClCompile>
    <ClCompile Include="src\hdf5-1.8.8\H5Oattr.c">
      <Filter>Source Files\HDF5</Filter>
    </ClCompile>
    <ClCompile Include="src\hdf5-1.8.8\H5Oattribute.c">
      <Filter>Source Files\HDF5</Filter>
    </ClCompile>
    <ClCompile Include="src\hdf5-1.8.8\H5Object.cpp">
      <Filter>Source Files\HDF5</Filter>
    </ClCompile>
    <ClCompile Include="src\hdf5-1.8.8\H5Obogus.c">
      <Filter>Source Files\HDF5</Filter>
    </ClCompile>
    <ClCompile Include="src\hdf5-1.8.8\H5Obtreek.c">
      <Filter>Source Files\HDF5</Filter>
    </ClCompile>
    <ClCompile Include="src\hdf5-1.8.8\H5Ocache.c">
      <Filter>Source Files\HDF5</Filter>
    </ClCompile>
    <ClCompile Include="src\hdf5-1.8.8\H5Ochunk.c">
      <Filter>Source Files\HDF5</Filter>
    </ClCompile>
    <ClCompile Include="src\hdf5-1.8.8\H5Ocont.c">
      <Filter>Source Files\HDF5</Filter>
    </ClCompile>
    <ClCompile Include="src\hdf5-1.8.8\H5Ocopy.c">
      <Filter>Source Files\HDF5</Filter>
    </ClCompile>
    <ClCompile Include="src\hdf5-1.8.8\H5Odbg.c">
      <Filter>Source Files\HDF5</Filter>
    </ClCompile>
    <ClCompile Include="src\hdf5-1.8.8\H5Odrvinfo.c">
      <Filter>Source Files\HDF5</Filter>
    </ClCompile>
    <ClCompile Include="src\hdf5-1.8.8\H5Odtype.c">
      <Filter>Source Files\HDF5</Filter>
    </ClCompile>
    <ClCompile Include="src\hdf5-1.8.8\H5Oefl.c">
      <Filter>Source Files\HDF5</Filter>
    </ClCompile>
    <ClCompile Include="src\hdf5-1.8.8\H5Ofill.c">
      <Filter>Source Files\HDF5</Filter>
    </ClCompile>
    <ClCompile Include="src\hdf5-1.8.8\H5Oginfo.c">
      <Filter>Source Files\HDF5</Filter>
    </ClCompile>
    <ClCompile Include="src\hdf5-1.8.8\H5Olayout.c">
      <Filter>Source Files\HDF5</Filter>
    </ClCompile>
    <ClCompile Include="src\hdf5-1.8.8\H5Olinfo.c">
      <Filter>Source Files\HDF5</Filter>
    </ClCompile>
    <ClCompile Include="src\hdf5-1.8.8\H5Olink.c">
      <Filter>Source Files\HDF5</Filter>
    </ClCompile>
    <ClCompile Include="src\hdf5-1.8.8\H5Omessage.c">
      <Filter>Source Files\HDF5</Filter>
    </ClCompile>
    <ClCompile Include="src\hdf5-1.8.8\H5Omtime.c">
      <Filter>Source Files\HDF5</Filter>
    </ClCompile>
    <ClCompile Include="src\hdf5-1.8.8\H5Oname.c">
      <Filter>Source Files\HDF5</Filter>
    </ClCompile>
    <ClCompile Include="src\hdf5-1.8.8\H5Onull.c">
      <Filter>Source Files\HDF5</Filter>
    </ClCompile>
    <ClCompile Include="src\hdf5-1.8.8\H5Opline.c">
      <Filter>Source Files\HDF5</Filter>
    </ClCompile>
    <ClCompile Include="src\hdf5-1.8.8\H5Orefcount.c">
      <Filter>Source Files\HDF5</Filter>
    </ClCompile>
    <ClCompile Include="src\hdf5-1.8.8\H5Osdspace.c">
      <Filter>Source Files\HDF5</Filter>
    </ClCompile>
    <ClCompile Include="src\hdf5-1.8.8\H5Oshared.c">
      <Filter>Source Files\HDF5</Filter>
    </ClCompile>
    <ClCompile Include="src\hdf5-1.8.8\H5Oshmesg.c">
      <Filter>Source Files\HDF5</Filter>
    </ClCompile>
    <ClCompile Include="src\hdf5-1.8.8\H5Ostab.c">
      <Filter>Source Files\HDF5</Filter>
    </ClCompile>
    <ClCompile Include="src\hdf5-1.8.8\H5Otest.c">
      <Filter>Source Files\HDF5</Filter>
    </ClCompile>
    <ClCompile Include="src\hdf5-1.8.8\H5Ounknown.c">
      <Filter>Source Files\HDF5</Filter>
    </ClCompile>
    <ClCompile Include="src\hdf5-1.8.8\H5P.c">
      <Filter>Source Files\HDF5</Filter>
    </ClCompile>
    <ClCompile Include="src\hdf5-1.8.8\H5Pacpl.c">
      <Filter>Source Files\HDF5</Filter>
    </ClCompile>
    <ClCompile Include="src\hdf5-1.8.8\H5Pdapl.c">
      <Filter>Source Files\HDF5</Filter>
    </ClCompile>
    <ClCompile Include="src\hdf5-1.8.8\H5Pdcpl.c">
      <Filter>Source Files\HDF5</Filter>
    </ClCompile>
    <ClCompile Include="src\hdf5-1.8.8\H5Pdeprec.c">
      <Filter>Source Files\HDF5</Filter>
    </ClCompile>
    <ClCompile Include="src\hdf5-1.8.8\H5Pdxpl.c">
      <Filter>Source Files\HDF5</Filter>
    </ClCompile>
    <ClCompile Include="src\hdf5-1.8.8\H5Pfapl.c">
      <Filter>Source Files\HDF5</Filter>
    </ClCompile>
    <ClCompile Include="src\hdf5-1.8.8\H5Pfcpl.c">
      <Filter>Source Files\HDF5</Filter>
    </ClCompile>
    <ClCompile Include="src\hdf5-1.8.8\H5Pfmpl.c">
      <Filter>Source Files\HDF5</Filter>
    </ClCompile>
    <ClCompile Include="src\hdf5-1.8.8\H5Pgcpl.c">
      <Filter>Source Files\HDF5</Filter>
    </ClCompile>
    <ClCompile Include="src\hdf5-1.8.8\H5Pint.c">
      <Filter>Source Files\HDF5</Filter>
    </ClCompile>
    <ClCompile Include="src\hdf5-1.8.8\H5Plapl.c">
      <Filter>Source Files\HDF5</Filter>
    </ClCompile>
    <ClCompile Include="src\hdf5-1.8.8\H5Plcpl.c">
      <Filter>Source Files\HDF5</Filter>
    </ClCompile>
    <ClCompile Include="src\hdf5-1.8.8\H5Pocpl.c">
      <Filter>Source Files\HDF5</Filter>
    </ClCompile>
    <ClCompile Include="src\hdf5-1.8.8\H5Pocpypl.c">
      <Filter>Source Files\HDF5</Filter>
    </ClCompile>
    <ClCompile Include="src\hdf5-1.8.8\H5PredType.cpp">
      <Filter>Source Files\HDF5</Filter>
    </ClCompile>
    <ClCompile Include="src\hdf5-1.8.8\H5PropList.cpp">
      <Filter>Source Files\HDF5</Filter>
    </ClCompile>
    <ClCompile Include="src\hdf5-1.8.8\H5Pstrcpl.c">
      <Filter>Source Files\HDF5</Filter>
    </ClCompile>
    <ClCompile Include="src\hdf5-1.8.8\H5Ptest.c">
      <Filter>Source Files\HDF5</Filter>
    </ClCompile>
    <ClCompile Include="src\hdf5-1.8.8\H5R.c">
      <Filter>Source Files\HDF5</Filter>
    </ClCompile>
    <ClCompile Include="src\hdf5-1.8.8\H5RC.c">
      <Filter>Source Files\HDF5</Filter>
    </ClCompile>
    <ClCompile Include="src\hdf5-1.8.8\H5Rdeprec.c">
      <Filter>Source Files\HDF5</Filter>
    </ClCompile>
    <ClCompile Include="src\hdf5-1.8.8\H5RS.c">
      <Filter>Source Files\HDF5</Filter>
    </ClCompile>
    <ClCompile Include="src\hdf5-1.8.8\H5S.c">
      <Filter>Source Files\HDF5</Filter>
    </ClCompile>
    <ClCompile Include="src\hdf5-1.8.8\H5Sall.c">
      <Filter>Source Files\HDF5</Filter>
    </ClCompile>
    <ClCompile Include="src\hdf5-1.8.8\H5Sdbg.c">
      <Filter>Source Files\HDF5</Filter>
    </ClCompile>
    <ClCompile Include="src\hdf5-1.8.8\H5Shyper.c">
      <Filter>Source Files\HDF5</Filter>
    </ClCompile>
    <ClCompile Include="src\hdf5-1.8.8\H5SL.c">
      <Filter>Source Files\HDF5</Filter>
    </ClCompile>
    <ClCompile Include="src\hdf5-1.8.8\H5SM.c">
      <Filter>Source Files\HDF5</Filter>
    </ClCompile>
    <ClCompile Include="src\hdf5-1.8.8\H5SMbtree2.c">
      <Filter>Source Files\HDF5</Filter>
    </ClCompile>
    <ClCompile Include="src\hdf5-1.8.8\H5SMcache.c">
      <Filter>Source Files\HDF5</Filter>
    </ClCompile>
    <ClCompile Include="src\hdf5-1.8.8\H5SMmessage.c">
      <Filter>Source Files\HDF5</Filter>
    </ClCompile>
    <ClCompile Include="src\hdf5-1.8.8\H5Smpio.c">
      <Filter>Source Files\HDF5</Filter>
    </ClCompile>
    <ClCompile Include="src\hdf5-1.8.8\H5SMtest.c">
      <Filter>Source Files\HDF5</Filter>
    </ClCompile>
    <ClCompile Include="src\hdf5-1.8.8\H5Snone.c">
      <Filter>Source Files\HDF5</Filter>
    </ClCompile>
    <ClCompile Include="src\hdf5-1.8.8\H5Spoint.c">
      <Filter>Source Files\HDF5</Filter>
    </ClCompile>
    <ClCompile Include="src\hdf5-1.8.8\H5Sselect.c">
      <Filter>Source Files\HDF5</Filter>
    </ClCompile>
    <ClCompile Include="src\hdf5-1.8.8\H5ST.c">
      <Filter>Source Files\HDF5</Filter>
    </ClCompile>
    <ClCompile Include="src\hdf5-1.8.8\H5Stest.c">
      <Filter>Source Files\HDF5</Filter>
    </ClCompile>
    <ClCompile Include="src\hdf5-1.8.8\H5StrType.cpp">
      <Filter>Source Files\HDF5</Filter>
    </ClCompile>
    <ClCompile Include="src\hdf5-1.8.8\H5system.c">
      <Filter>Source Files\HDF5</Filter>
    </ClCompile>
    <ClCompile Include="src\hdf5-1.8.8\H5T.c">
      <Filter>Source Files\HDF5</Filter>
    </ClCompile>
    <ClCompile Include="src\hdf5-1.8.8\H5Tarray.c">
      <Filter>Source Files\HDF5</Filter>
    </ClCompile>
    <ClCompile Include="src\hdf5-1.8.8\H5Tbit.c">
      <Filter>Source Files\HDF5</Filter>
    </ClCompile>
    <ClCompile Include="src\hdf5-1.8.8\H5Tcommit.c">
      <Filter>Source Files\HDF5</Filter>
    </ClCompile>
    <ClCompile Include="src\hdf5-1.8.8\H5Tcompound.c">
      <Filter>Source Files\HDF5</Filter>
    </ClCompile>
    <ClCompile Include="src\hdf5-1.8.8\H5Tconv.c">
      <Filter>Source Files\HDF5</Filter>
    </ClCompile>
    <ClCompile Include="src\hdf5-1.8.8\H5Tcset.c">
      <Filter>Source Files\HDF5</Filter>
    </ClCompile>
    <ClCompile Include="src\hdf5-1.8.8\H5Tdbg.c">
      <Filter>Source Files\HDF5</Filter>
    </ClCompile>
    <ClCompile Include="src\hdf5-1.8.8\H5Tdeprec.c">
      <Filter>Source Files\HDF5</Filter>
    </ClCompile>
    <ClCompile Include="src\hdf5-1.8.8\H5Tenum.c">
      <Filter>Source Files\HDF5</Filter>
    </ClCompile>
    <ClCompile Include="src\hdf5-1.8.8\H5Tfields.c">
      <Filter>Source Files\HDF5</Filter>
    </ClCompile>
    <ClCompile Include="src\hdf5-1.8.8\H5Tfixed.c">
      <Filter>Source Files\HDF5</Filter>
    </ClCompile>
    <ClCompile Include="src\hdf5-1.8.8\H5Tfloat.c">
      <Filter>Source Files\HDF5</Filter>
    </ClCompile>
    <ClCompile Include="src\hdf5-1.8.8\H5timer.c">
      <Filter>Source Files\HDF5</Filter>
    </ClCompile>
    <ClCompile Include="src\hdf5-1.8.8\H5Tinit.c">
      <Filter>Source Files\HDF5</Filter>
    </ClCompile>
    <ClCompile Include="src\hdf5-1.8.8\H5Tnative.c">
      <Filter>Source Files\HDF5</Filter>
    </ClCompile>
    <ClCompile Include="src\hdf5-1.8.8\H5Toffset.c">
      <Filter>Source Files\HDF5</Filter>
    </ClCompile>
    <ClCompile Include="src\hdf5-1.8.8\H5Toh.c">
      <Filter>Source Files\HDF5</Filter>
    </ClCompile>
    <ClCompile Include="src\hdf5-1.8.8\H5Topaque.c">
      <Filter>Source Files\HDF5</Filter>
    </ClCompile>
    <ClCompile Include="src\hdf5-1.8.8\H5Torder.c">
      <Filter>Source Files\HDF5</Filter>
    </ClCompile>
    <ClCompile Include="src\hdf5-1.8.8\H5Tpad.c">
      <Filter>Source Files\HDF5</Filter>
    </ClCompile>
    <ClCompile Include="src\hdf5-1.8.8\H5Tprecis.c">
      <Filter>Source Files\HDF5</Filter>
    </ClCompile>
    <ClCompile Include="src\hdf5-1.8.8\H5trace.c">
      <Filter>Source Files\HDF5</Filter>
    </ClCompile>
    <ClCompile Include="src\hdf5-1.8.8\H5TS.c">
      <Filter>Source Files\HDF5</Filter>
    </ClCompile>
    <ClCompile Include="src\hdf5-1.8.8\H5Tstrpad.c">
      <Filter>Source Files\HDF5</Filter>
    </ClCompile>
    <ClCompile Include="src\hdf5-1.8.8\H5Tvisit.c">
      <Filter>Source Files\HDF5</Filter>
    </ClCompile>
    <ClCompile Include="src\hdf5-1.8.8\H5Tvlen.c">
      <Filter>Source Files\HDF5</Filter>
    </ClCompile>
    <ClCompile Include="src\hdf5-1.8.8\H5V.c">
      <Filter>Source Files\HDF5</Filter>
    </ClCompile>
    <ClCompile Include="src\hdf5-1.8.8\H5VarLenType.cpp">
      <Filter>Source Files\HDF5</Filter>
    </ClCompile>
    <ClCompile Include="src\hdf5-1.8.8\H5WB.c">
      <Filter>Source Files\HDF5</Filter>
    </ClCompile>
    <ClCompile Include="src\hdf5-1.8.8\H5Z.c">
      <Filter>Source Files\HDF5</Filter>
    </ClCompile>
    <ClCompile Include="src\hdf5-1.8.8\H5Zdeflate.c">
      <Filter>Source Files\HDF5</Filter>
    </ClCompile>
    <ClCompile Include="src\hdf5-1.8.8\H5Zfletcher32.c">
      <Filter>Source Files\HDF5</Filter>
    </ClCompile>
    <ClCompile Include="src\hdf5-1.8.8\H5Znbit.c">
      <Filter>Source Files\HDF5</Filter>
    </ClCompile>
    <ClCompile Include="src\hdf5-1.8.8\H5Zscaleoffset.c">
      <Filter>Source Files\HDF5</Filter>
    </ClCompile>
    <ClCompile Include="src\hdf5-1.8.8\H5Zshuffle.c">
      <Filter>Source Files\HDF5</Filter>
    </ClCompile>
    <ClCompile Include="src\hdf5-1.8.8\H5Zszip.c">
      <Filter>Source Files\HDF5</Filter>
    </ClCompile>
    <ClCompile Include="src\hdf5-1.8.8\H5Ztrans.c">
      <Filter>Source Files\HDF5</Filter>
    </ClCompile>
    <ClCompile Include="src\MSToolkit\RAWReader.cpp">
      <Filter>Source Files\MSToolkit</Filter>
    </ClCompile>
    <ClCompile Include="src\expat-2.0.1\xmltok_ns.cpp">
      <Filter>Source Files\expat</Filter>
    </ClCompile>
    <ClCompile Include="src\expat-2.0.1\xmlparse.cpp">
      <Filter>Source Files\expat</Filter>
    </ClCompile>
    <ClCompile Include="src\expat-2.0.1\xmlrole.cpp">
      <Filter>Source Files\expat</Filter>
    </ClCompile>
    <ClCompile Include="src\expat-2.0.1\xmltok.cpp">
      <Filter>Source Files\expat</Filter>
    </ClCompile>
    <ClCompile Include="src\expat-2.0.1\xmltok_impl.cpp">
      <Filter>Source Files\expat</Filter>
    </ClCompile>
  </ItemGroup>
  <ItemGroup>
    <None Include="ReadMe.txt" />
  </ItemGroup>
  <ItemGroup>
    <ClInclude Include="include\expat_external.h">
      <Filter>Header Files</Filter>
    </ClInclude>
    <ClInclude Include="include\gzguts.h">
      <Filter>Header Files</Filter>
    </ClInclude>
    <ClInclude Include="include\H5AbstractDs.h">
      <Filter>Header Files</Filter>
    </ClInclude>
    <ClInclude Include="include\H5ACpkg.h">
      <Filter>Header Files</Filter>
    </ClInclude>
    <ClInclude Include="include\H5ACprivate.h">
      <Filter>Header Files</Filter>
    </ClInclude>
    <ClInclude Include="include\H5ACpublic.h">
      <Filter>Header Files</Filter>
    </ClInclude>
    <ClInclude Include="include\H5Alltypes.h">
      <Filter>Header Files</Filter>
    </ClInclude>
    <ClInclude Include="include\H5api_adpt.h">
      <Filter>Header Files</Filter>
    </ClInclude>
    <ClInclude Include="include\H5Apkg.h">
      <Filter>Header Files</Filter>
    </ClInclude>
    <ClInclude Include="include\H5Aprivate.h">
      <Filter>Header Files</Filter>
    </ClInclude>
    <ClInclude Include="include\H5Apublic.h">
      <Filter>Header Files</Filter>
    </ClInclude>
    <ClInclude Include="include\H5ArrayType.h">
      <Filter>Header Files</Filter>
    </ClInclude>
    <ClInclude Include="include\H5AtomType.h">
      <Filter>Header Files</Filter>
    </ClInclude>
    <ClInclude Include="include\H5Attribute.h">
      <Filter>Header Files</Filter>
    </ClInclude>
    <ClInclude Include="include\H5B2pkg.h">
      <Filter>Header Files</Filter>
    </ClInclude>
    <ClInclude Include="include\H5B2private.h">
      <Filter>Header Files</Filter>
    </ClInclude>
    <ClInclude Include="include\H5B2public.h">
      <Filter>Header Files</Filter>
    </ClInclude>
    <ClInclude Include="include\H5Bpkg.h">
      <Filter>Header Files</Filter>
    </ClInclude>
    <ClInclude Include="include\H5Bprivate.h">
      <Filter>Header Files</Filter>
    </ClInclude>
    <ClInclude Include="include\H5Bpublic.h">
      <Filter>Header Files</Filter>
    </ClInclude>
    <ClInclude Include="include\H5Classes.h">
      <Filter>Header Files</Filter>
    </ClInclude>
    <ClInclude Include="include\H5CommonFG.h">
      <Filter>Header Files</Filter>
    </ClInclude>
    <ClInclude Include="include\H5CompType.h">
      <Filter>Header Files</Filter>
    </ClInclude>
    <ClInclude Include="include\H5config.h">
      <Filter>Header Files</Filter>
    </ClInclude>
    <ClInclude Include="include\H5Cpkg.h">
      <Filter>Header Files</Filter>
    </ClInclude>
    <ClInclude Include="include\H5Cpp.h">
      <Filter>Header Files</Filter>
    </ClInclude>
    <ClInclude Include="include\H5CppDoc.h">
      <Filter>Header Files</Filter>
    </ClInclude>
    <ClInclude Include="include\H5Cprivate.h">
      <Filter>Header Files</Filter>
    </ClInclude>
    <ClInclude Include="include\H5Cpublic.h">
      <Filter>Header Files</Filter>
    </ClInclude>
    <ClInclude Include="include\H5CSprivate.h">
      <Filter>Header Files</Filter>
    </ClInclude>
    <ClInclude Include="include\H5DataSet.h">
      <Filter>Header Files</Filter>
    </ClInclude>
    <ClInclude Include="include\H5DataSpace.h">
      <Filter>Header Files</Filter>
    </ClInclude>
    <ClInclude Include="include\H5DataType.h">
      <Filter>Header Files</Filter>
    </ClInclude>
    <ClInclude Include="include\H5DcreatProp.h">
      <Filter>Header Files</Filter>
    </ClInclude>
    <ClInclude Include="include\H5Dpkg.h">
      <Filter>Header Files</Filter>
    </ClInclude>
    <ClInclude Include="include\H5Dprivate.h">
      <Filter>Header Files</Filter>
    </ClInclude>
    <ClInclude Include="include\H5Dpublic.h">
      <Filter>Header Files</Filter>
    </ClInclude>
    <ClInclude Include="include\H5DSpublic.h">
      <Filter>Header Files</Filter>
    </ClInclude>
    <ClInclude Include="include\H5DxferProp.h">
      <Filter>Header Files</Filter>
    </ClInclude>
    <ClInclude Include="include\H5Edefin.h">
      <Filter>Header Files</Filter>
    </ClInclude>
    <ClInclude Include="include\H5Einit.h">
      <Filter>Header Files</Filter>
    </ClInclude>
    <ClInclude Include="include\H5EnumType.h">
      <Filter>Header Files</Filter>
    </ClInclude>
    <ClInclude Include="include\H5Epkg.h">
      <Filter>Header Files</Filter>
    </ClInclude>
    <ClInclude Include="include\H5Eprivate.h">
      <Filter>Header Files</Filter>
    </ClInclude>
    <ClInclude Include="include\H5Epubgen.h">
      <Filter>Header Files</Filter>
    </ClInclude>
    <ClInclude Include="include\H5Epublic.h">
      <Filter>Header Files</Filter>
    </ClInclude>
    <ClInclude Include="include\H5Eterm.h">
      <Filter>Header Files</Filter>
    </ClInclude>
    <ClInclude Include="include\H5Exception.h">
      <Filter>Header Files</Filter>
    </ClInclude>
    <ClInclude Include="include\H5FaccProp.h">
      <Filter>Header Files</Filter>
    </ClInclude>
    <ClInclude Include="include\H5FcreatProp.h">
      <Filter>Header Files</Filter>
    </ClInclude>
    <ClInclude Include="include\H5FDcore.h">
      <Filter>Header Files</Filter>
    </ClInclude>
    <ClInclude Include="include\H5FDdirect.h">
      <Filter>Header Files</Filter>
    </ClInclude>
    <ClInclude Include="include\H5FDfamily.h">
      <Filter>Header Files</Filter>
    </ClInclude>
    <ClInclude Include="include\H5FDlog.h">
      <Filter>Header Files</Filter>
    </ClInclude>
    <ClInclude Include="include\H5FDmpi.h">
      <Filter>Header Files</Filter>
    </ClInclude>
    <ClInclude Include="include\H5FDmpio.h">
      <Filter>Header Files</Filter>
    </ClInclude>
    <ClInclude Include="include\H5FDmpiposix.h">
      <Filter>Header Files</Filter>
    </ClInclude>
    <ClInclude Include="include\H5FDmulti.h">
      <Filter>Header Files</Filter>
    </ClInclude>
    <ClInclude Include="include\H5FDpkg.h">
      <Filter>Header Files</Filter>
    </ClInclude>
    <ClInclude Include="include\H5FDprivate.h">
      <Filter>Header Files</Filter>
    </ClInclude>
    <ClInclude Include="include\H5FDpublic.h">
      <Filter>Header Files</Filter>
    </ClInclude>
    <ClInclude Include="include\H5FDsec2.h">
      <Filter>Header Files</Filter>
    </ClInclude>
    <ClInclude Include="include\H5FDstdio.h">
      <Filter>Header Files</Filter>
    </ClInclude>
    <ClInclude Include="include\H5FDwindows.h">
      <Filter>Header Files</Filter>
    </ClInclude>
    <ClInclude Include="include\H5File.h">
      <Filter>Header Files</Filter>
    </ClInclude>
    <ClInclude Include="include\H5FloatType.h">
      <Filter>Header Files</Filter>
    </ClInclude>
    <ClInclude Include="include\H5FLprivate.h">
      <Filter>Header Files</Filter>
    </ClInclude>
    <ClInclude Include="include\H5FOprivate.h">
      <Filter>Header Files</Filter>
    </ClInclude>
    <ClInclude Include="include\H5Fpkg.h">
      <Filter>Header Files</Filter>
    </ClInclude>
    <ClInclude Include="include\H5Fprivate.h">
      <Filter>Header Files</Filter>
    </ClInclude>
    <ClInclude Include="include\H5Fpublic.h">
      <Filter>Header Files</Filter>
    </ClInclude>
    <ClInclude Include="include\H5FSpkg.h">
      <Filter>Header Files</Filter>
    </ClInclude>
    <ClInclude Include="include\H5FSprivate.h">
      <Filter>Header Files</Filter>
    </ClInclude>
    <ClInclude Include="include\H5FSpublic.h">
      <Filter>Header Files</Filter>
    </ClInclude>
    <ClInclude Include="include\H5Gpkg.h">
      <Filter>Header Files</Filter>
    </ClInclude>
    <ClInclude Include="include\H5Gprivate.h">
      <Filter>Header Files</Filter>
    </ClInclude>
    <ClInclude Include="include\H5Gpublic.h">
      <Filter>Header Files</Filter>
    </ClInclude>
    <ClInclude Include="include\H5Group.h">
      <Filter>Header Files</Filter>
    </ClInclude>
    <ClInclude Include="include\H5HFpkg.h">
      <Filter>Header Files</Filter>
    </ClInclude>
    <ClInclude Include="include\H5HFprivate.h">
      <Filter>Header Files</Filter>
    </ClInclude>
    <ClInclude Include="include\H5HFpublic.h">
      <Filter>Header Files</Filter>
    </ClInclude>
    <ClInclude Include="include\H5HGpkg.h">
      <Filter>Header Files</Filter>
    </ClInclude>
    <ClInclude Include="include\H5HGprivate.h">
      <Filter>Header Files</Filter>
    </ClInclude>
    <ClInclude Include="include\H5HGpublic.h">
      <Filter>Header Files</Filter>
    </ClInclude>
    <ClInclude Include="include\H5HLpkg.h">
      <Filter>Header Files</Filter>
    </ClInclude>
    <ClInclude Include="include\H5HLprivate.h">
      <Filter>Header Files</Filter>
    </ClInclude>
    <ClInclude Include="include\H5HLpublic.h">
      <Filter>Header Files</Filter>
    </ClInclude>
    <ClInclude Include="include\H5HPprivate.h">
      <Filter>Header Files</Filter>
    </ClInclude>
    <ClInclude Include="include\H5IdComponent.h">
      <Filter>Header Files</Filter>
    </ClInclude>
    <ClInclude Include="include\H5IMpublic.h">
      <Filter>Header Files</Filter>
    </ClInclude>
    <ClInclude Include="include\H5Include.h">
      <Filter>Header Files</Filter>
    </ClInclude>
    <ClInclude Include="include\H5IntType.h">
      <Filter>Header Files</Filter>
    </ClInclude>
    <ClInclude Include="include\H5Ipkg.h">
      <Filter>Header Files</Filter>
    </ClInclude>
    <ClInclude Include="include\H5Iprivate.h">
      <Filter>Header Files</Filter>
    </ClInclude>
    <ClInclude Include="include\H5Ipublic.h">
      <Filter>Header Files</Filter>
    </ClInclude>
    <ClInclude Include="include\H5Library.h">
      <Filter>Header Files</Filter>
    </ClInclude>
    <ClInclude Include="include\H5Lpkg.h">
      <Filter>Header Files</Filter>
    </ClInclude>
    <ClInclude Include="include\H5Lprivate.h">
      <Filter>Header Files</Filter>
    </ClInclude>
    <ClInclude Include="include\H5Lpublic.h">
      <Filter>Header Files</Filter>
    </ClInclude>
    <ClInclude Include="include\H5LTpublic.h">
      <Filter>Header Files</Filter>
    </ClInclude>
    <ClInclude Include="include\H5MFpkg.h">
      <Filter>Header Files</Filter>
    </ClInclude>
    <ClInclude Include="include\H5MFprivate.h">
      <Filter>Header Files</Filter>
    </ClInclude>
    <ClInclude Include="include\H5MMprivate.h">
      <Filter>Header Files</Filter>
    </ClInclude>
    <ClInclude Include="include\H5MMpublic.h">
      <Filter>Header Files</Filter>
    </ClInclude>
    <ClInclude Include="include\H5MPpkg.h">
      <Filter>Header Files</Filter>
    </ClInclude>
    <ClInclude Include="include\H5MPprivate.h">
      <Filter>Header Files</Filter>
    </ClInclude>
    <ClInclude Include="include\H5Object.h">
      <Filter>Header Files</Filter>
    </ClInclude>
    <ClInclude Include="include\H5Opkg.h">
      <Filter>Header Files</Filter>
    </ClInclude>
    <ClInclude Include="include\H5Oprivate.h">
      <Filter>Header Files</Filter>
    </ClInclude>
    <ClInclude Include="include\H5Opublic.h">
      <Filter>Header Files</Filter>
    </ClInclude>
    <ClInclude Include="include\H5Oshared.h">
      <Filter>Header Files</Filter>
    </ClInclude>
    <ClInclude Include="include\H5overflow.h">
      <Filter>Header Files</Filter>
    </ClInclude>
    <ClInclude Include="include\H5PacketTable.h">
      <Filter>Header Files</Filter>
    </ClInclude>
    <ClInclude Include="include\H5Ppkg.h">
      <Filter>Header Files</Filter>
    </ClInclude>
    <ClInclude Include="include\H5Pprivate.h">
      <Filter>Header Files</Filter>
    </ClInclude>
    <ClInclude Include="include\H5Ppublic.h">
      <Filter>Header Files</Filter>
    </ClInclude>
    <ClInclude Include="include\H5PredType.h">
      <Filter>Header Files</Filter>
    </ClInclude>
    <ClInclude Include="include\H5private.h">
      <Filter>Header Files</Filter>
    </ClInclude>
    <ClInclude Include="include\H5PropList.h">
      <Filter>Header Files</Filter>
    </ClInclude>
    <ClInclude Include="include\H5PTpublic.h">
      <Filter>Header Files</Filter>
    </ClInclude>
    <ClInclude Include="include\H5pubconf.h">
      <Filter>Header Files</Filter>
    </ClInclude>
    <ClInclude Include="include\H5pubconf_win.h">
      <Filter>Header Files</Filter>
    </ClInclude>
    <ClInclude Include="include\H5public.h">
      <Filter>Header Files</Filter>
    </ClInclude>
    <ClInclude Include="include\H5RCprivate.h">
      <Filter>Header Files</Filter>
    </ClInclude>
    <ClInclude Include="include\H5Rpkg.h">
      <Filter>Header Files</Filter>
    </ClInclude>
    <ClInclude Include="include\H5Rprivate.h">
      <Filter>Header Files</Filter>
    </ClInclude>
    <ClInclude Include="include\H5Rpublic.h">
      <Filter>Header Files</Filter>
    </ClInclude>
    <ClInclude Include="include\H5RSprivate.h">
      <Filter>Header Files</Filter>
    </ClInclude>
    <ClInclude Include="include\H5SLprivate.h">
      <Filter>Header Files</Filter>
    </ClInclude>
    <ClInclude Include="include\H5SMpkg.h">
      <Filter>Header Files</Filter>
    </ClInclude>
    <ClInclude Include="include\H5SMprivate.h">
      <Filter>Header Files</Filter>
    </ClInclude>
    <ClInclude Include="include\H5Spkg.h">
      <Filter>Header Files</Filter>
    </ClInclude>
    <ClInclude Include="include\H5Sprivate.h">
      <Filter>Header Files</Filter>
    </ClInclude>
    <ClInclude Include="include\H5Spublic.h">
      <Filter>Header Files</Filter>
    </ClInclude>
    <ClInclude Include="include\H5STprivate.h">
      <Filter>Header Files</Filter>
    </ClInclude>
    <ClInclude Include="include\H5StrType.h">
      <Filter>Header Files</Filter>
    </ClInclude>
    <ClInclude Include="include\H5TBpublic.h">
      <Filter>Header Files</Filter>
    </ClInclude>
    <ClInclude Include="include\H5Tpkg.h">
      <Filter>Header Files</Filter>
    </ClInclude>
    <ClInclude Include="include\H5Tprivate.h">
      <Filter>Header Files</Filter>
    </ClInclude>
    <ClInclude Include="include\H5Tpublic.h">
      <Filter>Header Files</Filter>
    </ClInclude>
    <ClInclude Include="include\H5TSprivate.h">
      <Filter>Header Files</Filter>
    </ClInclude>
    <ClInclude Include="include\H5VarLenType.h">
      <Filter>Header Files</Filter>
    </ClInclude>
    <ClInclude Include="include\H5version.h">
      <Filter>Header Files</Filter>
    </ClInclude>
    <ClInclude Include="include\H5Vprivate.h">
      <Filter>Header Files</Filter>
    </ClInclude>
    <ClInclude Include="include\H5WBprivate.h">
      <Filter>Header Files</Filter>
    </ClInclude>
    <ClInclude Include="include\H5win32defs.h">
      <Filter>Header Files</Filter>
    </ClInclude>
    <ClInclude Include="include\H5Zpkg.h">
      <Filter>Header Files</Filter>
    </ClInclude>
    <ClInclude Include="include\H5Zprivate.h">
      <Filter>Header Files</Filter>
    </ClInclude>
    <ClInclude Include="include\H5Zpublic.h">
      <Filter>Header Files</Filter>
    </ClInclude>
    <ClInclude Include="include\hdf5.h">
      <Filter>Header Files</Filter>
    </ClInclude>
    <ClInclude Include="include\hdf5_hl.h">
      <Filter>Header Files</Filter>
    </ClInclude>
    <ClInclude Include="include\iasciitab.h">
      <Filter>Header Files</Filter>
    </ClInclude>
    <ClInclude Include="include\inffast.h">
      <Filter>Header Files</Filter>
    </ClInclude>
    <ClInclude Include="include\inffixed.h">
      <Filter>Header Files</Filter>
    </ClInclude>
    <ClInclude Include="include\inflate.h">
      <Filter>Header Files</Filter>
    </ClInclude>
    <ClInclude Include="include\inftrees.h">
      <Filter>Header Files</Filter>
    </ClInclude>
    <ClInclude Include="include\internal.h">
      <Filter>Header Files</Filter>
    </ClInclude>
    <ClInclude Include="include\latin1tab.h">
      <Filter>Header Files</Filter>
    </ClInclude>
    <ClInclude Include="include\MSObject.h">
      <Filter>Header Files</Filter>
    </ClInclude>
    <ClInclude Include="include\MSReader.h">
      <Filter>Header Files</Filter>
    </ClInclude>
    <ClInclude Include="include\MSToolkitTypes.h">
      <Filter>Header Files</Filter>
    </ClInclude>
    <ClInclude Include="include\mzParser.h">
      <Filter>Header Files</Filter>
    </ClInclude>
    <ClInclude Include="include\nametab.h">
      <Filter>Header Files</Filter>
    </ClInclude>
    <ClInclude Include="include\RAWReader.h">
      <Filter>Header Files</Filter>
    </ClInclude>
    <ClInclude Include="include\Spectrum.h">
      <Filter>Header Files</Filter>
    </ClInclude>
    <ClInclude Include="include\sqlite3.h">
      <Filter>Header Files</Filter>
    </ClInclude>
    <ClInclude Include="include\trees.h">
      <Filter>Header Files</Filter>
    </ClInclude>
    <ClInclude Include="include\utf8tab.h">
      <Filter>Header Files</Filter>
    </ClInclude>
    <ClInclude Include="include\winconfig.h">
      <Filter>Header Files</Filter>
    </ClInclude>
    <ClInclude Include="include\xmlrole.h">
      <Filter>Header Files</Filter>
    </ClInclude>
    <ClInclude Include="include\xmltok.h">
      <Filter>Header Files</Filter>
    </ClInclude>
    <ClInclude Include="include\xmltok_impl.h">
      <Filter>Header Files</Filter>
    </ClInclude>
    <ClInclude Include="include\zconf.h">
      <Filter>Header Files</Filter>
    </ClInclude>
    <ClInclude Include="include\zlib.h">
      <Filter>Header Files</Filter>
    </ClInclude>
    <ClInclude Include="include\zutil.h">
      <Filter>Header Files</Filter>
    </ClInclude>
    <ClInclude Include="include\ascii.h">
      <Filter>Header Files</Filter>
    </ClInclude>
    <ClInclude Include="include\asciitab.h">
      <Filter>Header Files</Filter>
    </ClInclude>
    <ClInclude Include="include\crc32.h">
      <Filter>Header Files</Filter>
    </ClInclude>
    <ClInclude Include="include\deflate.h">
      <Filter>Header Files</Filter>
    </ClInclude>
    <ClInclude Include="include\expat.h">
      <Filter>Header Files</Filter>
    </ClInclude>
    <ClInclude Include="include\expat_config.h">
      <Filter>Header Files</Filter>
    </ClInclude>
  </ItemGroup>
</Project>