<?xml version="1.0" encoding="utf-8"?>
<Project ToolsVersion="4.0" xmlns="http://schemas.microsoft.com/developer/msbuild/2003">
  <ItemGroup>
    <Filter Include="Source Files">
      <UniqueIdentifier>{4FC737F1-C7A5-4376-A066-2A32D752A2FF}</UniqueIdentifier>
      <Extensions>cpp;c;cc;cxx;def;odl;idl;hpj;bat;asm;asmx</Extensions>
    </Filter>
    <Filter Include="Header Files">
      <UniqueIdentifier>{93995380-89BD-4b04-88EB-625FBE52EBFB}</UniqueIdentifier>
      <Extensions>h;hpp;hxx;hm;inl;inc;xsd</Extensions>
    </Filter>
    <Filter Include="Resource Files">
      <UniqueIdentifier>{67DA6AB6-F800-4c08-8B7A-83BB121AAD01}</UniqueIdentifier>
      <Extensions>rc;ico;cur;bmp;dlg;rc2;rct;bin;rgs;gif;jpg;jpeg;jpe;resx;tiff;tif;png;wav;mfcribbon-ms</Extensions>
    </Filter>
  </ItemGroup>
  <ItemGroup>
    <ClInclude Include="CometData.h">
      <Filter>Header Files</Filter>
    </ClInclude>
    <ClInclude Include="CometMassSpecUtils.h">
      <Filter>Header Files</Filter>
    </ClInclude>
    <ClInclude Include="CometPostAnalysis.h">
      <Filter>Header Files</Filter>
    </ClInclude>
    <ClInclude Include="CometPreprocess.h">
      <Filter>Header Files</Filter>
    </ClInclude>
    <ClInclude Include="CometSearch.h">
      <Filter>Header Files</Filter>
    </ClInclude>
    <ClInclude Include="CometSearchManager.h">
      <Filter>Header Files</Filter>
    </ClInclude>
    <ClInclude Include="CometWriteOut.h">
      <Filter>Header Files</Filter>
    </ClInclude>
    <ClInclude Include="CometWritePepXML.h">
      <Filter>Header Files</Filter>
    </ClInclude>
    <ClInclude Include="CometWriteSqt.h">
      <Filter>Header Files</Filter>
    </ClInclude>
    <ClInclude Include="CometWriteTxt.h">
      <Filter>Header Files</Filter>
    </ClInclude>
    <ClInclude Include="Common.h">
      <Filter>Header Files</Filter>
    </ClInclude>
    <ClInclude Include="OSSpecificThreading.h">
      <Filter>Header Files</Filter>
    </ClInclude>
    <ClInclude Include="Threading.h">
      <Filter>Header Files</Filter>
    </ClInclude>
    <ClInclude Include="ThreadPool.h">
      <Filter>Header Files</Filter>
    </ClInclude>
    <ClInclude Include="CometDataInternal.h">
      <Filter>Header Files</Filter>
    </ClInclude>
    <ClInclude Include="CometInterfaces.h">
      <Filter>Header Files</Filter>
    </ClInclude>
    <ClInclude Include="CometStatus.h">
      <Filter>Header Files</Filter>
    </ClInclude>
    <ClInclude Include="CometWritePercolator.h">
      <Filter>Header Files</Filter>
    </ClInclude>
    <ClInclude Include="CometDecoys.h">
      <Filter>Header Files</Filter>
    </ClInclude>
  </ItemGroup>
  <ItemGroup>
    <ClCompile Include="CometMassSpecUtils.cpp">
      <Filter>Source Files</Filter>
    </ClCompile>
    <ClCompile Include="CometPostAnalysis.cpp">
      <Filter>Source Files</Filter>
    </ClCompile>
    <ClCompile Include="CometPreprocess.cpp">
      <Filter>Source Files</Filter>
    </ClCompile>
    <ClCompile Include="CometSearch.cpp">
      <Filter>Source Files</Filter>
    </ClCompile>
    <ClCompile Include="CometSearchManager.cpp">
      <Filter>Source Files</Filter>
    </ClCompile>
    <ClCompile Include="CometWriteOut.cpp">
      <Filter>Source Files</Filter>
    </ClCompile>
    <ClCompile Include="CometWritePepXML.cpp">
      <Filter>Source Files</Filter>
    </ClCompile>
    <ClCompile Include="CometWriteSqt.cpp">
      <Filter>Source Files</Filter>
    </ClCompile>
    <ClCompile Include="CometWriteTxt.cpp">
      <Filter>Source Files</Filter>
    </ClCompile>
    <ClCompile Include="Threading.cpp">
      <Filter>Source Files</Filter>
    </ClCompile>
    <ClCompile Include="CometInterfaces.cpp">
      <Filter>Source Files</Filter>
    </ClCompile>
    <ClCompile Include="CometWritePercolator.cpp">
      <Filter>Source Files</Filter>
    </ClCompile>
  </ItemGroup>
</Project>