<?xml version="1.0" encoding="utf-8"?>
<Project ToolsVersion="4.0" xmlns="http://schemas.microsoft.com/developer/msbuild/2003">
  <ItemGroup>
    <Filter Include="Source Files">
      <UniqueIdentifier>{4FC737F1-C7A5-4376-A066-2A32D752A2FF}</UniqueIdentifier>
      <Extensions>cpp;c;cc;cxx;c++;cppm;ixx;def;odl;idl;hpj;bat;asm;asmx</Extensions>
    </Filter>
    <Filter Include="Header Files">
      <UniqueIdentifier>{93995380-89BD-4b04-88EB-625FBE52EBFB}</UniqueIdentifier>
      <Extensions>h;hh;hpp;hxx;h++;hm;inl;inc;ipp;xsd</Extensions>
    </Filter>
    <Filter Include="Resource Files">
      <UniqueIdentifier>{67DA6AB6-F800-4c08-8B7A-83BB121AAD01}</UniqueIdentifier>
      <Extensions>rc;ico;cur;bmp;dlg;rc2;rct;bin;rgs;gif;jpg;jpeg;jpe;resx;tiff;tif;png;wav;mfcribbon-ms</Extensions>
    </Filter>
  </ItemGroup>
  <ItemGroup>
    <ClCompile Include="AScoreCalculator.cpp">
      <Filter>Source Files</Filter>
    </ClCompile>
    <ClCompile Include="AScoreOptions.cpp">
      <Filter>Source Files</Filter>
    </ClCompile>
    <ClCompile Include="Binomial.cpp">
      <Filter>Source Files</Filter>
    </ClCompile>
    <ClCompile Include="IntensityFilter.cpp">
      <Filter>Source Files</Filter>
    </ClCompile>
    <ClCompile Include="MOBScore.cpp">
      <Filter>Source Files</Filter>
    </ClCompile>
    <ClCompile Include="PeakMatcher.cpp">
      <Filter>Source Files</Filter>
    </ClCompile>
    <ClCompile Include="Peptide.cpp">
      <Filter>Source Files</Filter>
    </ClCompile>
    <ClCompile Include="PeptideBuilder.cpp">
      <Filter>Source Files</Filter>
    </ClCompile>
    <ClCompile Include="PeptideGenerator.cpp">
      <Filter>Source Files</Filter>
    </ClCompile>
    <ClCompile Include="PeptideMod.cpp">
      <Filter>Source Files</Filter>
    </ClCompile>
    <ClCompile Include="PeptideMods.cpp">
      <Filter>Source Files</Filter>
    </ClCompile>
    <ClCompile Include="Precursor.cpp">
      <Filter>Source Files</Filter>
    </ClCompile>
    <ClCompile Include="Scan.cpp">
      <Filter>Source Files</Filter>
    </ClCompile>
    <ClCompile Include="SiteIons.cpp">
      <Filter>Source Files</Filter>
    </ClCompile>
    <ClCompile Include="TopIonsFilter.cpp">
      <Filter>Source Files</Filter>
    </ClCompile>
    <ClCompile Include="AminoAcidMasses.cpp">
      <Filter>Source Files</Filter>
    </ClCompile>
    <ClCompile Include="AScoreDllInterface.cpp">
      <Filter>Source Files</Filter>
    </ClCompile>
    <ClCompile Include="AScoreFactory.cpp">
      <Filter>Source Files</Filter>
    </ClCompile>
  </ItemGroup>
  <ItemGroup>
    <ClInclude Include="include\AminoAcidMasses.h">
      <Filter>Header Files</Filter>
    </ClInclude>
    <ClInclude Include="include\API.h">
      <Filter>Header Files</Filter>
    </ClInclude>
    <ClInclude Include="include\AScoreCalculator.h">
      <Filter>Header Files</Filter>
    </ClInclude>
    <ClInclude Include="include\AScoreOptions.h">
      <Filter>Header Files</Filter>
    </ClInclude>
    <ClInclude Include="include\AScoreOutput.h">
      <Filter>Header Files</Filter>
    </ClInclude>
    <ClInclude Include="include\Binomial.h">
      <Filter>Header Files</Filter>
    </ClInclude>
    <ClInclude Include="include\Centroid.h">
      <Filter>Header Files</Filter>
    </ClInclude>
    <ClInclude Include="include\CombinationIterator.h">
      <Filter>Header Files</Filter>
    </ClInclude>
    <ClInclude Include="include\Deisotoping.h">
      <Filter>Header Files</Filter>
    </ClInclude>
    <ClInclude Include="include\IntensityFilter.h">
      <Filter>Header Files</Filter>
    </ClInclude>
    <ClInclude Include="include\Mass.h">
      <Filter>Header Files</Filter>
    </ClInclude>
    <ClInclude Include="include\MOBScore.h">
      <Filter>Header Files</Filter>
    </ClInclude>
    <ClInclude Include="include\NeutralLoss.h">
      <Filter>Header Files</Filter>
    </ClInclude>
    <ClInclude Include="include\NeutralLossFilter.h">
      <Filter>Header Files</Filter>
    </ClInclude>
    <ClInclude Include="include\PeakMatch.h">
      <Filter>Header Files</Filter>
    </ClInclude>
    <ClInclude Include="include\PeakMatcher.h">
      <Filter>Header Files</Filter>
    </ClInclude>
    <ClInclude Include="include\Peptide.h">
      <Filter>Header Files</Filter>
    </ClInclude>
    <ClInclude Include="include\PeptideBuilder.h">
      <Filter>Header Files</Filter>
    </ClInclude>
    <ClInclude Include="include\PeptideGenerator.h">
      <Filter>Header Files</Filter>
    </ClInclude>
    <ClInclude Include="include\PeptideMod.h">
      <Filter>Header Files</Filter>
    </ClInclude>
    <ClInclude Include="include\PeptideMods.h">
      <Filter>Header Files</Filter>
    </ClInclude>
    <ClInclude Include="include\Precursor.h">
      <Filter>Header Files</Filter>
    </ClInclude>
    <ClInclude Include="include\Scan.h">
      <Filter>Header Files</Filter>
    </ClInclude>
    <ClInclude Include="include\SiteIons.h">
      <Filter>Header Files</Filter>
    </ClInclude>
    <ClInclude Include="include\SiteScore.h">
      <Filter>Header Files</Filter>
    </ClInclude>
    <ClInclude Include="include\TopIonsFilter.h">
      <Filter>Header Files</Filter>
    </ClInclude>
    <ClInclude Include="include\WaterLossFilter.h">
      <Filter>Header Files</Filter>
    </ClInclude>
    <ClInclude Include="include\AScoreDllInterface.h">
      <Filter>Header Files</Filter>
    </ClInclude>
    <ClInclude Include="include\AScoreFactory.h">
      <Filter>Header Files</Filter>
    </ClInclude>
  </ItemGroup>
</Project>