<?xml version="1.0" encoding="utf-8"?>
<Project ToolsVersion="4.0" xmlns="http://schemas.microsoft.com/developer/msbuild/2003">
  <ItemGroup>
    <Filter Include="Source Files">
      <UniqueIdentifier>{4FC737F1-C7A5-4376-A066-2A32D752A2FF}</UniqueIdentifier>
      <Extensions>cpp;c;cc;cxx;c++;cppm;ixx;def;odl;idl;hpj;bat;asm;asmx</Extensions>
    </Filter>
    <Filter Include="Header Files">
      <UniqueIdentifier>{93995380-89BD-4b04-88EB-625FBE52EBFB}</UniqueIdentifier>
      <Extensions>h;hh;hpp;hxx;h++;hm;inl;inc;ipp;xsd</Extensions>
    </Filter>
    <Filter Include="Resource Files">
      <UniqueIdentifier>{67DA6AB6-F800-4c08-8B7A-83BB121AAD01}</UniqueIdentifier>
      <Extensions>rc;ico;cur;bmp;dlg;rc2;rct;bin;rgs;gif;jpg;jpeg;jpe;resx;tiff;tif;png;wav;mfcribbon-ms</Extensions>
    </Filter>
  </ItemGroup>
  <ItemGroup>
    <ClCompile Include="AScorePeptideMod.cpp">
      <Filter>Source Files</Filter>
    </ClCompile>
    <ClCompile Include="AScorePeptideMods.cpp">
      <Filter>Source Files</Filter>
    </ClCompile>
    <ClCompile Include="AScorePrecursor.cpp">
      <Filter>Source Files</Filter>
    </ClCompile>
    <ClCompile Include="AScoreScan.cpp">
      <Filter>Source Files</Filter>
    </ClCompile>
    <ClCompile Include="AScoreSiteIons.cpp">
      <Filter>Source Files</Filter>
    </ClCompile>
    <ClCompile Include="AScoreTopIonsFilter.cpp">
      <Filter>Source Files</Filter>
    </ClCompile>
    <ClCompile Include="AScoreAminoAcidMasses.cpp">
      <Filter>Source Files</Filter>
    </ClCompile>
    <ClCompile Include="AScoreBinomial.cpp">
      <Filter>Source Files</Filter>
    </ClCompile>
    <ClCompile Include="AScoreCalculator.cpp">
      <Filter>Source Files</Filter>
    </ClCompile>
    <ClCompile Include="AScoreDllInterface.cpp">
      <Filter>Source Files</Filter>
    </ClCompile>
    <ClCompile Include="AScoreFactory.cpp">
      <Filter>Source Files</Filter>
    </ClCompile>
    <ClCompile Include="AScoreIntensityFilter.cpp">
      <Filter>Source Files</Filter>
    </ClCompile>
    <ClCompile Include="AScoreMOBScore.cpp">
      <Filter>Source Files</Filter>
    </ClCompile>
    <ClCompile Include="AScoreOptions.cpp">
      <Filter>Source Files</Filter>
    </ClCompile>
    <ClCompile Include="AScorePeakMatcher.cpp">
      <Filter>Source Files</Filter>
    </ClCompile>
    <ClCompile Include="AScorePeptide.cpp">
      <Filter>Source Files</Filter>
    </ClCompile>
    <ClCompile Include="AScorePeptideBuilder.cpp">
      <Filter>Source Files</Filter>
    </ClCompile>
    <ClCompile Include="AScorePeptideGenerator.cpp">
      <Filter>Source Files</Filter>
    </ClCompile>
  </ItemGroup>
  <ItemGroup>
    <ClInclude Include="include\AScoreOutput.h">
      <Filter>Header Files</Filter>
    </ClInclude>
    <ClInclude Include="include\AScorePeakMatch.h">
      <Filter>Header Files</Filter>
    </ClInclude>
    <ClInclude Include="include\AScorePeakMatcher.h">
      <Filter>Header Files</Filter>
    </ClInclude>
    <ClInclude Include="include\AScorePeptide.h">
      <Filter>Header Files</Filter>
    </ClInclude>
    <ClInclude Include="include\AScorePeptideBuilder.h">
      <Filter>Header Files</Filter>
    </ClInclude>
    <ClInclude Include="include\AScorePeptideGenerator.h">
      <Filter>Header Files</Filter>
    </ClInclude>
    <ClInclude Include="include\AScorePeptideMod.h">
      <Filter>Header Files</Filter>
    </ClInclude>
    <ClInclude Include="include\AScorePeptideMods.h">
      <Filter>Header Files</Filter>
    </ClInclude>
    <ClInclude Include="include\AScorePrecursor.h">
      <Filter>Header Files</Filter>
    </ClInclude>
    <ClInclude Include="include\AScoreScan.h">
      <Filter>Header Files</Filter>
    </ClInclude>
    <ClInclude Include="include\AScoreSiteIons.h">
      <Filter>Header Files</Filter>
    </ClInclude>
    <ClInclude Include="include\AScoreSiteScore.h">
      <Filter>Header Files</Filter>
    </ClInclude>
    <ClInclude Include="include\AScoreTopIonsFilter.h">
      <Filter>Header Files</Filter>
    </ClInclude>
    <ClInclude Include="include\AScoreWaterLossFilter.h">
      <Filter>Header Files</Filter>
    </ClInclude>
    <ClInclude Include="include\AScoreAminoAcidMasses.h">
      <Filter>Header Files</Filter>
    </ClInclude>
    <ClInclude Include="include\AScoreBinomial.h">
      <Filter>Header Files</Filter>
    </ClInclude>
    <ClInclude Include="include\AScoreCalculator.h">
      <Filter>Header Files</Filter>
    </ClInclude>
    <ClInclude Include="include\AScoreCentroid.h">
      <Filter>Header Files</Filter>
    </ClInclude>
    <ClInclude Include="include\AScoreCombinationIterator.h">
      <Filter>Header Files</Filter>
    </ClInclude>
    <ClInclude Include="include\AScoreDeisotoping.h">
      <Filter>Header Files</Filter>
    </ClInclude>
    <ClInclude Include="include\AScoreDllInterface.h">
      <Filter>Header Files</Filter>
    </ClInclude>
    <ClInclude Include="include\AScoreFactory.h">
      <Filter>Header Files</Filter>
    </ClInclude>
    <ClInclude Include="include\AScoreIntensityFilter.h">
      <Filter>Header Files</Filter>
    </ClInclude>
    <ClInclude Include="include\AScoreMass.h">
      <Filter>Header Files</Filter>
    </ClInclude>
    <ClInclude Include="include\AScoreMOBScore.h">
      <Filter>Header Files</Filter>
    </ClInclude>
    <ClInclude Include="include\AScoreNeutralLoss.h">
      <Filter>Header Files</Filter>
    </ClInclude>
    <ClInclude Include="include\AScoreNeutralLossFilter.h">
      <Filter>Header Files</Filter>
    </ClInclude>
    <ClInclude Include="include\AScoreOptions.h">
      <Filter>Header Files</Filter>
    </ClInclude>
    <ClInclude Include="include\AScoreAPI.h">
      <Filter>Header Files</Filter>
    </ClInclude>
  </ItemGroup>
</Project>